
Microsoft Visual Studio Solution File, Format Version 12.00
# Visual Studio Version 17
VisualStudioVersion = 17.0.31903.59
MinimumVisualStudioVersion = 10.0.40219.1
Project("{2150E333-8FDC-42A3-9474-1A3956D46DE8}") = "Pub", "Pub", "{A2D91B3F-8E63-4B50-AFDD-6DCDDF25789E}"
EndProject
Project("{2150E333-8FDC-42A3-9474-1A3956D46DE8}") = "Insp", "Insp", "{D3456F7A-DF6C-4FB2-AA97-03EB600DA3E3}"
EndProject
Project("{2150E333-8FDC-42A3-9474-1A3956D46DE8}") = "Common", "Common", "{88A4C997-103A-4F5B-BC98-5AEEAE158EEA}"
EndProject
Project("{9A19103F-16F7-4668-BE54-9A1E7A4F7556}") = "IARA.Mobile.Application", "IARA.Mobile.Common\IARA.Mobile.Application\IARA.Mobile.Application.csproj", "{37310152-5517-4929-8D00-8BF64D632BC1}"
EndProject
Project("{9A19103F-16F7-4668-BE54-9A1E7A4F7556}") = "IARA.Mobile.Domain", "IARA.Mobile.Common\IARA.Mobile.Domain\IARA.Mobile.Domain.csproj", "{3F87DC1C-BAE9-45A1-B57E-667495A17E7F}"
EndProject
Project("{9A19103F-16F7-4668-BE54-9A1E7A4F7556}") = "IARA.Mobile.Infrastructure", "IARA.Mobile.Common\IARA.Mobile.Infrastructure\IARA.Mobile.Infrastructure.csproj", "{1B3CFA18-DB15-482C-B744-01516420A364}"
EndProject
Project("{9A19103F-16F7-4668-BE54-9A1E7A4F7556}") = "IARA.Mobile.Shared", "IARA.Mobile.Common\IARA.Mobile.Shared\IARA.Mobile.Shared.csproj", "{0C02F90D-3950-46DE-8CD7-B7A0012B6DAD}"
EndProject
Project("{2150E333-8FDC-42A3-9474-1A3956D46DE8}") = "Core", "Core", "{74AFF030-58EC-4FD4-B4FD-9D6B7018E0FE}"
EndProject
Project("{2150E333-8FDC-42A3-9474-1A3956D46DE8}") = "Platforms", "Platforms", "{0D1C9C25-850E-4CE1-8181-93609CF9350B}"
EndProject
Project("{2150E333-8FDC-42A3-9474-1A3956D46DE8}") = "Presentation", "Presentation", "{775D292F-4F77-427C-B592-8FC28CF5827F}"
EndProject
Project("{2150E333-8FDC-42A3-9474-1A3956D46DE8}") = "Tests", "Tests", "{40DE0A0D-1CD4-4558-9D9A-018D90CE80CF}"
EndProject
Project("{9A19103F-16F7-4668-BE54-9A1E7A4F7556}") = "IARA.Mobile.Insp.Application", "IARA.Mobile.Insp\IARA.Mobile.Insp.Application\IARA.Mobile.Insp.Application.csproj", "{8C61372D-87A3-445C-A9E8-2C25D7A6C521}"
EndProject
Project("{9A19103F-16F7-4668-BE54-9A1E7A4F7556}") = "IARA.Mobile.Insp.Domain", "IARA.Mobile.Insp\IARA.Mobile.Insp.Domain\IARA.Mobile.Insp.Domain.csproj", "{C9CC84A7-5F72-4F2C-A59C-5309994A257D}"
EndProject
Project("{9A19103F-16F7-4668-BE54-9A1E7A4F7556}") = "IARA.Mobile.Insp.Infrastructure", "IARA.Mobile.Insp\IARA.Mobile.Insp.Infrastructure\IARA.Mobile.Insp.Infrastructure.csproj", "{E4C1811B-6DDB-4A3B-9316-9FECCBCCACCE}"
EndProject
Project("{FAE04EC0-301F-11D3-BF4B-00C04F79EFBC}") = "IARA.Mobile.Insp.Android", "IARA.Mobile.Insp\IARA.Mobile.Insp.Android\IARA.Mobile.Insp.Android.csproj", "{266E8C40-C710-4B4D-802C-956ED79B6D48}"
EndProject
Project("{9A19103F-16F7-4668-BE54-9A1E7A4F7556}") = "IARA.Mobile.Insp", "IARA.Mobile.Insp\IARA.Mobile.Insp\IARA.Mobile.Insp.csproj", "{72929508-35BF-4B7D-AAC8-2B86319724C2}"
EndProject
Project("{9A19103F-16F7-4668-BE54-9A1E7A4F7556}") = "IARA.Mobile.Insp.Tests", "IARA.Mobile.Insp\IARA.Mobile.Insp.Tests\IARA.Mobile.Insp.Tests.csproj", "{EC14E537-8C98-4D19-9791-CE80E253A10F}"
EndProject
Project("{2150E333-8FDC-42A3-9474-1A3956D46DE8}") = "Core", "Core", "{61F608EA-8CEF-47AA-8A4F-3B64344DB31E}"
EndProject
Project("{2150E333-8FDC-42A3-9474-1A3956D46DE8}") = "Platforms", "Platforms", "{9B0BF2FF-515E-4262-9427-FBF7E96D17BC}"
EndProject
Project("{2150E333-8FDC-42A3-9474-1A3956D46DE8}") = "Presentation", "Presentation", "{80111C64-CE9C-475F-8836-BAECA4FD8982}"
EndProject
Project("{2150E333-8FDC-42A3-9474-1A3956D46DE8}") = "Tests", "Tests", "{DD9D34DB-0699-4785-AB86-44C2CCB90A23}"
EndProject
Project("{9A19103F-16F7-4668-BE54-9A1E7A4F7556}") = "IARA.Mobile.Pub.Application", "IARA.Mobile.Pub\IARA.Mobile.Pub.Application\IARA.Mobile.Pub.Application.csproj", "{4F13DB00-BD82-4149-9DA1-D5B2DEACBE41}"
EndProject
Project("{9A19103F-16F7-4668-BE54-9A1E7A4F7556}") = "IARA.Mobile.Pub.Domain", "IARA.Mobile.Pub\IARA.Mobile.Pub.Domain\IARA.Mobile.Pub.Domain.csproj", "{DE554D21-6345-4539-934C-89667BC6F3AF}"
EndProject
Project("{9A19103F-16F7-4668-BE54-9A1E7A4F7556}") = "IARA.Mobile.Pub.Infrastructure", "IARA.Mobile.Pub\IARA.Mobile.Pub.Infrastructure\IARA.Mobile.Pub.Infrastructure.csproj", "{FF7284DC-8859-4E8C-8F3C-E8FCF12CF6CC}"
EndProject
Project("{FAE04EC0-301F-11D3-BF4B-00C04F79EFBC}") = "IARA.Mobile.Pub.iOS", "IARA.Mobile.Pub\IARA.Mobile.Pub.iOS\IARA.Mobile.Pub.iOS.csproj", "{BD7CC03A-E17D-4393-80DD-EE6E4EBCDDE7}"
EndProject
Project("{FAE04EC0-301F-11D3-BF4B-00C04F79EFBC}") = "IARA.Mobile.Pub.Android", "IARA.Mobile.Pub\IARA.Mobile.Pub.Android\IARA.Mobile.Pub.Android.csproj", "{31E61210-DA7E-4E60-93AB-51B284AF4AE1}"
EndProject
Project("{9A19103F-16F7-4668-BE54-9A1E7A4F7556}") = "IARA.Mobile.Pub", "IARA.Mobile.Pub\IARA.Mobile.Pub\IARA.Mobile.Pub.csproj", "{0C2EEF48-D6DD-4537-B970-A99704066115}"
EndProject
Project("{9A19103F-16F7-4668-BE54-9A1E7A4F7556}") = "IARA.Mobile.Pub.Tests", "IARA.Mobile.Pub\IARA.Mobile.Pub.Tests\IARA.Mobile.Pub.Tests.csproj", "{5956810C-CC0C-4400-B008-6B847D893B5E}"
EndProject
Project("{2150E333-8FDC-42A3-9474-1A3956D46DE8}") = "Solution Items", "Solution Items", "{2E65EFA9-68D0-423F-B610-8661FB310233}"
	ProjectSection(SolutionItems) = preProject
		.editorconfig = .editorconfig
	EndProjectSection
EndProject
Project("{FAE04EC0-301F-11D3-BF4B-00C04F79EFBC}") = "IARA.Mobile.Insp.UWP", "IARA.Mobile.Insp\IARA.Mobile.Insp.UWP\IARA.Mobile.Insp.UWP.csproj", "{9C3FF1C9-621F-401D-8328-B80C54C5E09D}"
EndProject
Global
	GlobalSection(SolutionConfigurationPlatforms) = preSolution
		Debug|Any CPU = Debug|Any CPU
		Debug|ARM = Debug|ARM
		Debug|ARM64 = Debug|ARM64
		Debug|iPhone = Debug|iPhone
		Debug|iPhoneSimulator = Debug|iPhoneSimulator
		Debug|x64 = Debug|x64
		Debug|x86 = Debug|x86
		ProdRelease|Any CPU = ProdRelease|Any CPU
		ProdRelease|ARM = ProdRelease|ARM
		ProdRelease|ARM64 = ProdRelease|ARM64
		ProdRelease|iPhone = ProdRelease|iPhone
		ProdRelease|iPhoneSimulator = ProdRelease|iPhoneSimulator
		ProdRelease|x64 = ProdRelease|x64
		ProdRelease|x86 = ProdRelease|x86
		Release|Any CPU = Release|Any CPU
		Release|ARM = Release|ARM
		Release|ARM64 = Release|ARM64
		Release|iPhone = Release|iPhone
		Release|iPhoneSimulator = Release|iPhoneSimulator
		Release|x64 = Release|x64
		Release|x86 = Release|x86
	EndGlobalSection
	GlobalSection(ProjectConfigurationPlatforms) = postSolution
		{37310152-5517-4929-8D00-8BF64D632BC1}.Debug|Any CPU.ActiveCfg = Debug|Any CPU
		{37310152-5517-4929-8D00-8BF64D632BC1}.Debug|Any CPU.Build.0 = Debug|Any CPU
		{37310152-5517-4929-8D00-8BF64D632BC1}.Debug|ARM.ActiveCfg = Debug|Any CPU
		{37310152-5517-4929-8D00-8BF64D632BC1}.Debug|ARM.Build.0 = Debug|Any CPU
		{37310152-5517-4929-8D00-8BF64D632BC1}.Debug|ARM64.ActiveCfg = Debug|Any CPU
		{37310152-5517-4929-8D00-8BF64D632BC1}.Debug|ARM64.Build.0 = Debug|Any CPU
		{37310152-5517-4929-8D00-8BF64D632BC1}.Debug|iPhone.ActiveCfg = Debug|Any CPU
		{37310152-5517-4929-8D00-8BF64D632BC1}.Debug|iPhone.Build.0 = Debug|Any CPU
		{37310152-5517-4929-8D00-8BF64D632BC1}.Debug|iPhoneSimulator.ActiveCfg = Debug|Any CPU
		{37310152-5517-4929-8D00-8BF64D632BC1}.Debug|iPhoneSimulator.Build.0 = Debug|Any CPU
		{37310152-5517-4929-8D00-8BF64D632BC1}.Debug|x64.ActiveCfg = Debug|Any CPU
		{37310152-5517-4929-8D00-8BF64D632BC1}.Debug|x64.Build.0 = Debug|Any CPU
		{37310152-5517-4929-8D00-8BF64D632BC1}.Debug|x86.ActiveCfg = Debug|Any CPU
		{37310152-5517-4929-8D00-8BF64D632BC1}.Debug|x86.Build.0 = Debug|Any CPU
		{37310152-5517-4929-8D00-8BF64D632BC1}.ProdRelease|Any CPU.ActiveCfg = ProdRelease|Any CPU
		{37310152-5517-4929-8D00-8BF64D632BC1}.ProdRelease|Any CPU.Build.0 = ProdRelease|Any CPU
		{37310152-5517-4929-8D00-8BF64D632BC1}.ProdRelease|ARM.ActiveCfg = ProdRelease|Any CPU
		{37310152-5517-4929-8D00-8BF64D632BC1}.ProdRelease|ARM.Build.0 = ProdRelease|Any CPU
		{37310152-5517-4929-8D00-8BF64D632BC1}.ProdRelease|ARM64.ActiveCfg = ProdRelease|Any CPU
		{37310152-5517-4929-8D00-8BF64D632BC1}.ProdRelease|ARM64.Build.0 = ProdRelease|Any CPU
		{37310152-5517-4929-8D00-8BF64D632BC1}.ProdRelease|iPhone.ActiveCfg = ProdRelease|Any CPU
		{37310152-5517-4929-8D00-8BF64D632BC1}.ProdRelease|iPhone.Build.0 = ProdRelease|Any CPU
		{37310152-5517-4929-8D00-8BF64D632BC1}.ProdRelease|iPhoneSimulator.ActiveCfg = ProdRelease|Any CPU
		{37310152-5517-4929-8D00-8BF64D632BC1}.ProdRelease|iPhoneSimulator.Build.0 = ProdRelease|Any CPU
		{37310152-5517-4929-8D00-8BF64D632BC1}.ProdRelease|x64.ActiveCfg = ProdRelease|Any CPU
		{37310152-5517-4929-8D00-8BF64D632BC1}.ProdRelease|x64.Build.0 = ProdRelease|Any CPU
		{37310152-5517-4929-8D00-8BF64D632BC1}.ProdRelease|x86.ActiveCfg = ProdRelease|Any CPU
		{37310152-5517-4929-8D00-8BF64D632BC1}.ProdRelease|x86.Build.0 = ProdRelease|Any CPU
		{37310152-5517-4929-8D00-8BF64D632BC1}.Release|Any CPU.ActiveCfg = Release|Any CPU
		{37310152-5517-4929-8D00-8BF64D632BC1}.Release|Any CPU.Build.0 = Release|Any CPU
		{37310152-5517-4929-8D00-8BF64D632BC1}.Release|ARM.ActiveCfg = Release|Any CPU
		{37310152-5517-4929-8D00-8BF64D632BC1}.Release|ARM.Build.0 = Release|Any CPU
		{37310152-5517-4929-8D00-8BF64D632BC1}.Release|ARM64.ActiveCfg = Release|Any CPU
		{37310152-5517-4929-8D00-8BF64D632BC1}.Release|ARM64.Build.0 = Release|Any CPU
		{37310152-5517-4929-8D00-8BF64D632BC1}.Release|iPhone.ActiveCfg = Release|Any CPU
		{37310152-5517-4929-8D00-8BF64D632BC1}.Release|iPhone.Build.0 = Release|Any CPU
		{37310152-5517-4929-8D00-8BF64D632BC1}.Release|iPhoneSimulator.ActiveCfg = Release|Any CPU
		{37310152-5517-4929-8D00-8BF64D632BC1}.Release|iPhoneSimulator.Build.0 = Release|Any CPU
		{37310152-5517-4929-8D00-8BF64D632BC1}.Release|x64.ActiveCfg = Release|Any CPU
		{37310152-5517-4929-8D00-8BF64D632BC1}.Release|x64.Build.0 = Release|Any CPU
		{37310152-5517-4929-8D00-8BF64D632BC1}.Release|x86.ActiveCfg = Release|Any CPU
		{37310152-5517-4929-8D00-8BF64D632BC1}.Release|x86.Build.0 = Release|Any CPU
		{3F87DC1C-BAE9-45A1-B57E-667495A17E7F}.Debug|Any CPU.ActiveCfg = Debug|Any CPU
		{3F87DC1C-BAE9-45A1-B57E-667495A17E7F}.Debug|Any CPU.Build.0 = Debug|Any CPU
		{3F87DC1C-BAE9-45A1-B57E-667495A17E7F}.Debug|ARM.ActiveCfg = Debug|Any CPU
		{3F87DC1C-BAE9-45A1-B57E-667495A17E7F}.Debug|ARM.Build.0 = Debug|Any CPU
		{3F87DC1C-BAE9-45A1-B57E-667495A17E7F}.Debug|ARM64.ActiveCfg = Debug|Any CPU
		{3F87DC1C-BAE9-45A1-B57E-667495A17E7F}.Debug|ARM64.Build.0 = Debug|Any CPU
		{3F87DC1C-BAE9-45A1-B57E-667495A17E7F}.Debug|iPhone.ActiveCfg = Debug|Any CPU
		{3F87DC1C-BAE9-45A1-B57E-667495A17E7F}.Debug|iPhone.Build.0 = Debug|Any CPU
		{3F87DC1C-BAE9-45A1-B57E-667495A17E7F}.Debug|iPhoneSimulator.ActiveCfg = Debug|Any CPU
		{3F87DC1C-BAE9-45A1-B57E-667495A17E7F}.Debug|iPhoneSimulator.Build.0 = Debug|Any CPU
		{3F87DC1C-BAE9-45A1-B57E-667495A17E7F}.Debug|x64.ActiveCfg = Debug|Any CPU
		{3F87DC1C-BAE9-45A1-B57E-667495A17E7F}.Debug|x64.Build.0 = Debug|Any CPU
		{3F87DC1C-BAE9-45A1-B57E-667495A17E7F}.Debug|x86.ActiveCfg = Debug|Any CPU
		{3F87DC1C-BAE9-45A1-B57E-667495A17E7F}.Debug|x86.Build.0 = Debug|Any CPU
		{3F87DC1C-BAE9-45A1-B57E-667495A17E7F}.ProdRelease|Any CPU.ActiveCfg = ProdRelease|Any CPU
		{3F87DC1C-BAE9-45A1-B57E-667495A17E7F}.ProdRelease|Any CPU.Build.0 = ProdRelease|Any CPU
		{3F87DC1C-BAE9-45A1-B57E-667495A17E7F}.ProdRelease|ARM.ActiveCfg = ProdRelease|Any CPU
		{3F87DC1C-BAE9-45A1-B57E-667495A17E7F}.ProdRelease|ARM.Build.0 = ProdRelease|Any CPU
		{3F87DC1C-BAE9-45A1-B57E-667495A17E7F}.ProdRelease|ARM64.ActiveCfg = ProdRelease|Any CPU
		{3F87DC1C-BAE9-45A1-B57E-667495A17E7F}.ProdRelease|ARM64.Build.0 = ProdRelease|Any CPU
		{3F87DC1C-BAE9-45A1-B57E-667495A17E7F}.ProdRelease|iPhone.ActiveCfg = ProdRelease|Any CPU
		{3F87DC1C-BAE9-45A1-B57E-667495A17E7F}.ProdRelease|iPhone.Build.0 = ProdRelease|Any CPU
		{3F87DC1C-BAE9-45A1-B57E-667495A17E7F}.ProdRelease|iPhoneSimulator.ActiveCfg = ProdRelease|Any CPU
		{3F87DC1C-BAE9-45A1-B57E-667495A17E7F}.ProdRelease|iPhoneSimulator.Build.0 = ProdRelease|Any CPU
		{3F87DC1C-BAE9-45A1-B57E-667495A17E7F}.ProdRelease|x64.ActiveCfg = ProdRelease|Any CPU
		{3F87DC1C-BAE9-45A1-B57E-667495A17E7F}.ProdRelease|x64.Build.0 = ProdRelease|Any CPU
		{3F87DC1C-BAE9-45A1-B57E-667495A17E7F}.ProdRelease|x86.ActiveCfg = ProdRelease|Any CPU
		{3F87DC1C-BAE9-45A1-B57E-667495A17E7F}.ProdRelease|x86.Build.0 = ProdRelease|Any CPU
		{3F87DC1C-BAE9-45A1-B57E-667495A17E7F}.Release|Any CPU.ActiveCfg = Release|Any CPU
		{3F87DC1C-BAE9-45A1-B57E-667495A17E7F}.Release|Any CPU.Build.0 = Release|Any CPU
		{3F87DC1C-BAE9-45A1-B57E-667495A17E7F}.Release|ARM.ActiveCfg = Release|Any CPU
		{3F87DC1C-BAE9-45A1-B57E-667495A17E7F}.Release|ARM.Build.0 = Release|Any CPU
		{3F87DC1C-BAE9-45A1-B57E-667495A17E7F}.Release|ARM64.ActiveCfg = Release|Any CPU
		{3F87DC1C-BAE9-45A1-B57E-667495A17E7F}.Release|ARM64.Build.0 = Release|Any CPU
		{3F87DC1C-BAE9-45A1-B57E-667495A17E7F}.Release|iPhone.ActiveCfg = Release|Any CPU
		{3F87DC1C-BAE9-45A1-B57E-667495A17E7F}.Release|iPhone.Build.0 = Release|Any CPU
		{3F87DC1C-BAE9-45A1-B57E-667495A17E7F}.Release|iPhoneSimulator.ActiveCfg = Release|Any CPU
		{3F87DC1C-BAE9-45A1-B57E-667495A17E7F}.Release|iPhoneSimulator.Build.0 = Release|Any CPU
		{3F87DC1C-BAE9-45A1-B57E-667495A17E7F}.Release|x64.ActiveCfg = Release|Any CPU
		{3F87DC1C-BAE9-45A1-B57E-667495A17E7F}.Release|x64.Build.0 = Release|Any CPU
		{3F87DC1C-BAE9-45A1-B57E-667495A17E7F}.Release|x86.ActiveCfg = Release|Any CPU
		{3F87DC1C-BAE9-45A1-B57E-667495A17E7F}.Release|x86.Build.0 = Release|Any CPU
		{1B3CFA18-DB15-482C-B744-01516420A364}.Debug|Any CPU.ActiveCfg = Debug|Any CPU
		{1B3CFA18-DB15-482C-B744-01516420A364}.Debug|Any CPU.Build.0 = Debug|Any CPU
		{1B3CFA18-DB15-482C-B744-01516420A364}.Debug|ARM.ActiveCfg = Debug|Any CPU
		{1B3CFA18-DB15-482C-B744-01516420A364}.Debug|ARM.Build.0 = Debug|Any CPU
		{1B3CFA18-DB15-482C-B744-01516420A364}.Debug|ARM64.ActiveCfg = Debug|Any CPU
		{1B3CFA18-DB15-482C-B744-01516420A364}.Debug|ARM64.Build.0 = Debug|Any CPU
		{1B3CFA18-DB15-482C-B744-01516420A364}.Debug|iPhone.ActiveCfg = Debug|Any CPU
		{1B3CFA18-DB15-482C-B744-01516420A364}.Debug|iPhone.Build.0 = Debug|Any CPU
		{1B3CFA18-DB15-482C-B744-01516420A364}.Debug|iPhoneSimulator.ActiveCfg = Debug|Any CPU
		{1B3CFA18-DB15-482C-B744-01516420A364}.Debug|iPhoneSimulator.Build.0 = Debug|Any CPU
		{1B3CFA18-DB15-482C-B744-01516420A364}.Debug|x64.ActiveCfg = Debug|Any CPU
		{1B3CFA18-DB15-482C-B744-01516420A364}.Debug|x64.Build.0 = Debug|Any CPU
		{1B3CFA18-DB15-482C-B744-01516420A364}.Debug|x86.ActiveCfg = Debug|Any CPU
		{1B3CFA18-DB15-482C-B744-01516420A364}.Debug|x86.Build.0 = Debug|Any CPU
		{1B3CFA18-DB15-482C-B744-01516420A364}.ProdRelease|Any CPU.ActiveCfg = ProdRelease|Any CPU
		{1B3CFA18-DB15-482C-B744-01516420A364}.ProdRelease|Any CPU.Build.0 = ProdRelease|Any CPU
		{1B3CFA18-DB15-482C-B744-01516420A364}.ProdRelease|ARM.ActiveCfg = ProdRelease|Any CPU
		{1B3CFA18-DB15-482C-B744-01516420A364}.ProdRelease|ARM.Build.0 = ProdRelease|Any CPU
		{1B3CFA18-DB15-482C-B744-01516420A364}.ProdRelease|ARM64.ActiveCfg = ProdRelease|Any CPU
		{1B3CFA18-DB15-482C-B744-01516420A364}.ProdRelease|ARM64.Build.0 = ProdRelease|Any CPU
		{1B3CFA18-DB15-482C-B744-01516420A364}.ProdRelease|iPhone.ActiveCfg = ProdRelease|Any CPU
		{1B3CFA18-DB15-482C-B744-01516420A364}.ProdRelease|iPhone.Build.0 = ProdRelease|Any CPU
		{1B3CFA18-DB15-482C-B744-01516420A364}.ProdRelease|iPhoneSimulator.ActiveCfg = ProdRelease|Any CPU
		{1B3CFA18-DB15-482C-B744-01516420A364}.ProdRelease|iPhoneSimulator.Build.0 = ProdRelease|Any CPU
		{1B3CFA18-DB15-482C-B744-01516420A364}.ProdRelease|x64.ActiveCfg = ProdRelease|Any CPU
		{1B3CFA18-DB15-482C-B744-01516420A364}.ProdRelease|x64.Build.0 = ProdRelease|Any CPU
		{1B3CFA18-DB15-482C-B744-01516420A364}.ProdRelease|x86.ActiveCfg = ProdRelease|Any CPU
		{1B3CFA18-DB15-482C-B744-01516420A364}.ProdRelease|x86.Build.0 = ProdRelease|Any CPU
		{1B3CFA18-DB15-482C-B744-01516420A364}.Release|Any CPU.ActiveCfg = Release|Any CPU
		{1B3CFA18-DB15-482C-B744-01516420A364}.Release|Any CPU.Build.0 = Release|Any CPU
		{1B3CFA18-DB15-482C-B744-01516420A364}.Release|ARM.ActiveCfg = Release|Any CPU
		{1B3CFA18-DB15-482C-B744-01516420A364}.Release|ARM.Build.0 = Release|Any CPU
		{1B3CFA18-DB15-482C-B744-01516420A364}.Release|ARM64.ActiveCfg = Release|Any CPU
		{1B3CFA18-DB15-482C-B744-01516420A364}.Release|ARM64.Build.0 = Release|Any CPU
		{1B3CFA18-DB15-482C-B744-01516420A364}.Release|iPhone.ActiveCfg = Release|Any CPU
		{1B3CFA18-DB15-482C-B744-01516420A364}.Release|iPhone.Build.0 = Release|Any CPU
		{1B3CFA18-DB15-482C-B744-01516420A364}.Release|iPhoneSimulator.ActiveCfg = Release|Any CPU
		{1B3CFA18-DB15-482C-B744-01516420A364}.Release|iPhoneSimulator.Build.0 = Release|Any CPU
		{1B3CFA18-DB15-482C-B744-01516420A364}.Release|x64.ActiveCfg = Release|Any CPU
		{1B3CFA18-DB15-482C-B744-01516420A364}.Release|x64.Build.0 = Release|Any CPU
		{1B3CFA18-DB15-482C-B744-01516420A364}.Release|x86.ActiveCfg = Release|Any CPU
		{1B3CFA18-DB15-482C-B744-01516420A364}.Release|x86.Build.0 = Release|Any CPU
		{0C02F90D-3950-46DE-8CD7-B7A0012B6DAD}.Debug|Any CPU.ActiveCfg = Debug|Any CPU
		{0C02F90D-3950-46DE-8CD7-B7A0012B6DAD}.Debug|Any CPU.Build.0 = Debug|Any CPU
		{0C02F90D-3950-46DE-8CD7-B7A0012B6DAD}.Debug|ARM.ActiveCfg = Debug|Any CPU
		{0C02F90D-3950-46DE-8CD7-B7A0012B6DAD}.Debug|ARM.Build.0 = Debug|Any CPU
		{0C02F90D-3950-46DE-8CD7-B7A0012B6DAD}.Debug|ARM64.ActiveCfg = Debug|Any CPU
		{0C02F90D-3950-46DE-8CD7-B7A0012B6DAD}.Debug|ARM64.Build.0 = Debug|Any CPU
		{0C02F90D-3950-46DE-8CD7-B7A0012B6DAD}.Debug|iPhone.ActiveCfg = Debug|Any CPU
		{0C02F90D-3950-46DE-8CD7-B7A0012B6DAD}.Debug|iPhone.Build.0 = Debug|Any CPU
		{0C02F90D-3950-46DE-8CD7-B7A0012B6DAD}.Debug|iPhoneSimulator.ActiveCfg = Debug|Any CPU
		{0C02F90D-3950-46DE-8CD7-B7A0012B6DAD}.Debug|iPhoneSimulator.Build.0 = Debug|Any CPU
		{0C02F90D-3950-46DE-8CD7-B7A0012B6DAD}.Debug|x64.ActiveCfg = Debug|Any CPU
		{0C02F90D-3950-46DE-8CD7-B7A0012B6DAD}.Debug|x64.Build.0 = Debug|Any CPU
		{0C02F90D-3950-46DE-8CD7-B7A0012B6DAD}.Debug|x86.ActiveCfg = Debug|Any CPU
		{0C02F90D-3950-46DE-8CD7-B7A0012B6DAD}.Debug|x86.Build.0 = Debug|Any CPU
		{0C02F90D-3950-46DE-8CD7-B7A0012B6DAD}.ProdRelease|Any CPU.ActiveCfg = ProdRelease|Any CPU
		{0C02F90D-3950-46DE-8CD7-B7A0012B6DAD}.ProdRelease|Any CPU.Build.0 = ProdRelease|Any CPU
		{0C02F90D-3950-46DE-8CD7-B7A0012B6DAD}.ProdRelease|ARM.ActiveCfg = ProdRelease|Any CPU
		{0C02F90D-3950-46DE-8CD7-B7A0012B6DAD}.ProdRelease|ARM.Build.0 = ProdRelease|Any CPU
		{0C02F90D-3950-46DE-8CD7-B7A0012B6DAD}.ProdRelease|ARM64.ActiveCfg = ProdRelease|Any CPU
		{0C02F90D-3950-46DE-8CD7-B7A0012B6DAD}.ProdRelease|ARM64.Build.0 = ProdRelease|Any CPU
		{0C02F90D-3950-46DE-8CD7-B7A0012B6DAD}.ProdRelease|iPhone.ActiveCfg = ProdRelease|Any CPU
		{0C02F90D-3950-46DE-8CD7-B7A0012B6DAD}.ProdRelease|iPhone.Build.0 = ProdRelease|Any CPU
		{0C02F90D-3950-46DE-8CD7-B7A0012B6DAD}.ProdRelease|iPhoneSimulator.ActiveCfg = ProdRelease|Any CPU
		{0C02F90D-3950-46DE-8CD7-B7A0012B6DAD}.ProdRelease|iPhoneSimulator.Build.0 = ProdRelease|Any CPU
		{0C02F90D-3950-46DE-8CD7-B7A0012B6DAD}.ProdRelease|x64.ActiveCfg = ProdRelease|Any CPU
		{0C02F90D-3950-46DE-8CD7-B7A0012B6DAD}.ProdRelease|x64.Build.0 = ProdRelease|Any CPU
		{0C02F90D-3950-46DE-8CD7-B7A0012B6DAD}.ProdRelease|x86.ActiveCfg = ProdRelease|Any CPU
		{0C02F90D-3950-46DE-8CD7-B7A0012B6DAD}.ProdRelease|x86.Build.0 = ProdRelease|Any CPU
		{0C02F90D-3950-46DE-8CD7-B7A0012B6DAD}.Release|Any CPU.ActiveCfg = Release|Any CPU
		{0C02F90D-3950-46DE-8CD7-B7A0012B6DAD}.Release|Any CPU.Build.0 = Release|Any CPU
		{0C02F90D-3950-46DE-8CD7-B7A0012B6DAD}.Release|ARM.ActiveCfg = Release|Any CPU
		{0C02F90D-3950-46DE-8CD7-B7A0012B6DAD}.Release|ARM.Build.0 = Release|Any CPU
		{0C02F90D-3950-46DE-8CD7-B7A0012B6DAD}.Release|ARM64.ActiveCfg = Release|Any CPU
		{0C02F90D-3950-46DE-8CD7-B7A0012B6DAD}.Release|ARM64.Build.0 = Release|Any CPU
		{0C02F90D-3950-46DE-8CD7-B7A0012B6DAD}.Release|iPhone.ActiveCfg = Release|Any CPU
		{0C02F90D-3950-46DE-8CD7-B7A0012B6DAD}.Release|iPhone.Build.0 = Release|Any CPU
		{0C02F90D-3950-46DE-8CD7-B7A0012B6DAD}.Release|iPhoneSimulator.ActiveCfg = Release|Any CPU
		{0C02F90D-3950-46DE-8CD7-B7A0012B6DAD}.Release|iPhoneSimulator.Build.0 = Release|Any CPU
		{0C02F90D-3950-46DE-8CD7-B7A0012B6DAD}.Release|x64.ActiveCfg = Release|Any CPU
		{0C02F90D-3950-46DE-8CD7-B7A0012B6DAD}.Release|x64.Build.0 = Release|Any CPU
		{0C02F90D-3950-46DE-8CD7-B7A0012B6DAD}.Release|x86.ActiveCfg = Release|Any CPU
		{0C02F90D-3950-46DE-8CD7-B7A0012B6DAD}.Release|x86.Build.0 = Release|Any CPU
		{8C61372D-87A3-445C-A9E8-2C25D7A6C521}.Debug|Any CPU.ActiveCfg = Debug|Any CPU
		{8C61372D-87A3-445C-A9E8-2C25D7A6C521}.Debug|Any CPU.Build.0 = Debug|Any CPU
		{8C61372D-87A3-445C-A9E8-2C25D7A6C521}.Debug|ARM.ActiveCfg = Debug|Any CPU
		{8C61372D-87A3-445C-A9E8-2C25D7A6C521}.Debug|ARM.Build.0 = Debug|Any CPU
		{8C61372D-87A3-445C-A9E8-2C25D7A6C521}.Debug|ARM64.ActiveCfg = Debug|Any CPU
		{8C61372D-87A3-445C-A9E8-2C25D7A6C521}.Debug|ARM64.Build.0 = Debug|Any CPU
		{8C61372D-87A3-445C-A9E8-2C25D7A6C521}.Debug|iPhone.ActiveCfg = Debug|Any CPU
		{8C61372D-87A3-445C-A9E8-2C25D7A6C521}.Debug|iPhone.Build.0 = Debug|Any CPU
		{8C61372D-87A3-445C-A9E8-2C25D7A6C521}.Debug|iPhoneSimulator.ActiveCfg = Debug|Any CPU
		{8C61372D-87A3-445C-A9E8-2C25D7A6C521}.Debug|iPhoneSimulator.Build.0 = Debug|Any CPU
		{8C61372D-87A3-445C-A9E8-2C25D7A6C521}.Debug|x64.ActiveCfg = Debug|Any CPU
		{8C61372D-87A3-445C-A9E8-2C25D7A6C521}.Debug|x64.Build.0 = Debug|Any CPU
		{8C61372D-87A3-445C-A9E8-2C25D7A6C521}.Debug|x86.ActiveCfg = Debug|Any CPU
		{8C61372D-87A3-445C-A9E8-2C25D7A6C521}.Debug|x86.Build.0 = Debug|Any CPU
		{8C61372D-87A3-445C-A9E8-2C25D7A6C521}.ProdRelease|Any CPU.ActiveCfg = ProdRelease|Any CPU
		{8C61372D-87A3-445C-A9E8-2C25D7A6C521}.ProdRelease|Any CPU.Build.0 = ProdRelease|Any CPU
		{8C61372D-87A3-445C-A9E8-2C25D7A6C521}.ProdRelease|ARM.ActiveCfg = ProdRelease|Any CPU
		{8C61372D-87A3-445C-A9E8-2C25D7A6C521}.ProdRelease|ARM.Build.0 = ProdRelease|Any CPU
		{8C61372D-87A3-445C-A9E8-2C25D7A6C521}.ProdRelease|ARM64.ActiveCfg = ProdRelease|Any CPU
		{8C61372D-87A3-445C-A9E8-2C25D7A6C521}.ProdRelease|ARM64.Build.0 = ProdRelease|Any CPU
		{8C61372D-87A3-445C-A9E8-2C25D7A6C521}.ProdRelease|iPhone.ActiveCfg = ProdRelease|Any CPU
		{8C61372D-87A3-445C-A9E8-2C25D7A6C521}.ProdRelease|iPhone.Build.0 = ProdRelease|Any CPU
		{8C61372D-87A3-445C-A9E8-2C25D7A6C521}.ProdRelease|iPhoneSimulator.ActiveCfg = ProdRelease|Any CPU
		{8C61372D-87A3-445C-A9E8-2C25D7A6C521}.ProdRelease|iPhoneSimulator.Build.0 = ProdRelease|Any CPU
		{8C61372D-87A3-445C-A9E8-2C25D7A6C521}.ProdRelease|x64.ActiveCfg = ProdRelease|Any CPU
		{8C61372D-87A3-445C-A9E8-2C25D7A6C521}.ProdRelease|x64.Build.0 = ProdRelease|Any CPU
		{8C61372D-87A3-445C-A9E8-2C25D7A6C521}.ProdRelease|x86.ActiveCfg = ProdRelease|Any CPU
		{8C61372D-87A3-445C-A9E8-2C25D7A6C521}.ProdRelease|x86.Build.0 = ProdRelease|Any CPU
		{8C61372D-87A3-445C-A9E8-2C25D7A6C521}.Release|Any CPU.ActiveCfg = Release|Any CPU
		{8C61372D-87A3-445C-A9E8-2C25D7A6C521}.Release|Any CPU.Build.0 = Release|Any CPU
		{8C61372D-87A3-445C-A9E8-2C25D7A6C521}.Release|ARM.ActiveCfg = Release|Any CPU
		{8C61372D-87A3-445C-A9E8-2C25D7A6C521}.Release|ARM.Build.0 = Release|Any CPU
		{8C61372D-87A3-445C-A9E8-2C25D7A6C521}.Release|ARM64.ActiveCfg = Release|Any CPU
		{8C61372D-87A3-445C-A9E8-2C25D7A6C521}.Release|ARM64.Build.0 = Release|Any CPU
		{8C61372D-87A3-445C-A9E8-2C25D7A6C521}.Release|iPhone.ActiveCfg = Release|Any CPU
		{8C61372D-87A3-445C-A9E8-2C25D7A6C521}.Release|iPhone.Build.0 = Release|Any CPU
		{8C61372D-87A3-445C-A9E8-2C25D7A6C521}.Release|iPhoneSimulator.ActiveCfg = Release|Any CPU
		{8C61372D-87A3-445C-A9E8-2C25D7A6C521}.Release|iPhoneSimulator.Build.0 = Release|Any CPU
		{8C61372D-87A3-445C-A9E8-2C25D7A6C521}.Release|x64.ActiveCfg = Release|Any CPU
		{8C61372D-87A3-445C-A9E8-2C25D7A6C521}.Release|x64.Build.0 = Release|Any CPU
		{8C61372D-87A3-445C-A9E8-2C25D7A6C521}.Release|x86.ActiveCfg = Release|Any CPU
		{8C61372D-87A3-445C-A9E8-2C25D7A6C521}.Release|x86.Build.0 = Release|Any CPU
		{C9CC84A7-5F72-4F2C-A59C-5309994A257D}.Debug|Any CPU.ActiveCfg = Debug|Any CPU
		{C9CC84A7-5F72-4F2C-A59C-5309994A257D}.Debug|Any CPU.Build.0 = Debug|Any CPU
		{C9CC84A7-5F72-4F2C-A59C-5309994A257D}.Debug|ARM.ActiveCfg = Debug|Any CPU
		{C9CC84A7-5F72-4F2C-A59C-5309994A257D}.Debug|ARM.Build.0 = Debug|Any CPU
		{C9CC84A7-5F72-4F2C-A59C-5309994A257D}.Debug|ARM64.ActiveCfg = Debug|Any CPU
		{C9CC84A7-5F72-4F2C-A59C-5309994A257D}.Debug|ARM64.Build.0 = Debug|Any CPU
		{C9CC84A7-5F72-4F2C-A59C-5309994A257D}.Debug|iPhone.ActiveCfg = Debug|Any CPU
		{C9CC84A7-5F72-4F2C-A59C-5309994A257D}.Debug|iPhone.Build.0 = Debug|Any CPU
		{C9CC84A7-5F72-4F2C-A59C-5309994A257D}.Debug|iPhoneSimulator.ActiveCfg = Debug|Any CPU
		{C9CC84A7-5F72-4F2C-A59C-5309994A257D}.Debug|iPhoneSimulator.Build.0 = Debug|Any CPU
		{C9CC84A7-5F72-4F2C-A59C-5309994A257D}.Debug|x64.ActiveCfg = Debug|Any CPU
		{C9CC84A7-5F72-4F2C-A59C-5309994A257D}.Debug|x64.Build.0 = Debug|Any CPU
		{C9CC84A7-5F72-4F2C-A59C-5309994A257D}.Debug|x86.ActiveCfg = Debug|Any CPU
		{C9CC84A7-5F72-4F2C-A59C-5309994A257D}.Debug|x86.Build.0 = Debug|Any CPU
		{C9CC84A7-5F72-4F2C-A59C-5309994A257D}.ProdRelease|Any CPU.ActiveCfg = ProdRelease|Any CPU
		{C9CC84A7-5F72-4F2C-A59C-5309994A257D}.ProdRelease|Any CPU.Build.0 = ProdRelease|Any CPU
		{C9CC84A7-5F72-4F2C-A59C-5309994A257D}.ProdRelease|ARM.ActiveCfg = ProdRelease|Any CPU
		{C9CC84A7-5F72-4F2C-A59C-5309994A257D}.ProdRelease|ARM.Build.0 = ProdRelease|Any CPU
		{C9CC84A7-5F72-4F2C-A59C-5309994A257D}.ProdRelease|ARM64.ActiveCfg = ProdRelease|Any CPU
		{C9CC84A7-5F72-4F2C-A59C-5309994A257D}.ProdRelease|ARM64.Build.0 = ProdRelease|Any CPU
		{C9CC84A7-5F72-4F2C-A59C-5309994A257D}.ProdRelease|iPhone.ActiveCfg = ProdRelease|Any CPU
		{C9CC84A7-5F72-4F2C-A59C-5309994A257D}.ProdRelease|iPhone.Build.0 = ProdRelease|Any CPU
		{C9CC84A7-5F72-4F2C-A59C-5309994A257D}.ProdRelease|iPhoneSimulator.ActiveCfg = ProdRelease|Any CPU
		{C9CC84A7-5F72-4F2C-A59C-5309994A257D}.ProdRelease|iPhoneSimulator.Build.0 = ProdRelease|Any CPU
		{C9CC84A7-5F72-4F2C-A59C-5309994A257D}.ProdRelease|x64.ActiveCfg = ProdRelease|Any CPU
		{C9CC84A7-5F72-4F2C-A59C-5309994A257D}.ProdRelease|x64.Build.0 = ProdRelease|Any CPU
		{C9CC84A7-5F72-4F2C-A59C-5309994A257D}.ProdRelease|x86.ActiveCfg = ProdRelease|Any CPU
		{C9CC84A7-5F72-4F2C-A59C-5309994A257D}.ProdRelease|x86.Build.0 = ProdRelease|Any CPU
		{C9CC84A7-5F72-4F2C-A59C-5309994A257D}.Release|Any CPU.ActiveCfg = Release|Any CPU
		{C9CC84A7-5F72-4F2C-A59C-5309994A257D}.Release|Any CPU.Build.0 = Release|Any CPU
		{C9CC84A7-5F72-4F2C-A59C-5309994A257D}.Release|ARM.ActiveCfg = Release|Any CPU
		{C9CC84A7-5F72-4F2C-A59C-5309994A257D}.Release|ARM.Build.0 = Release|Any CPU
		{C9CC84A7-5F72-4F2C-A59C-5309994A257D}.Release|ARM64.ActiveCfg = Release|Any CPU
		{C9CC84A7-5F72-4F2C-A59C-5309994A257D}.Release|ARM64.Build.0 = Release|Any CPU
		{C9CC84A7-5F72-4F2C-A59C-5309994A257D}.Release|iPhone.ActiveCfg = Release|Any CPU
		{C9CC84A7-5F72-4F2C-A59C-5309994A257D}.Release|iPhone.Build.0 = Release|Any CPU
		{C9CC84A7-5F72-4F2C-A59C-5309994A257D}.Release|iPhoneSimulator.ActiveCfg = Release|Any CPU
		{C9CC84A7-5F72-4F2C-A59C-5309994A257D}.Release|iPhoneSimulator.Build.0 = Release|Any CPU
		{C9CC84A7-5F72-4F2C-A59C-5309994A257D}.Release|x64.ActiveCfg = Release|Any CPU
		{C9CC84A7-5F72-4F2C-A59C-5309994A257D}.Release|x64.Build.0 = Release|Any CPU
		{C9CC84A7-5F72-4F2C-A59C-5309994A257D}.Release|x86.ActiveCfg = Release|Any CPU
		{C9CC84A7-5F72-4F2C-A59C-5309994A257D}.Release|x86.Build.0 = Release|Any CPU
		{E4C1811B-6DDB-4A3B-9316-9FECCBCCACCE}.Debug|Any CPU.ActiveCfg = Debug|Any CPU
		{E4C1811B-6DDB-4A3B-9316-9FECCBCCACCE}.Debug|Any CPU.Build.0 = Debug|Any CPU
		{E4C1811B-6DDB-4A3B-9316-9FECCBCCACCE}.Debug|ARM.ActiveCfg = Debug|Any CPU
		{E4C1811B-6DDB-4A3B-9316-9FECCBCCACCE}.Debug|ARM.Build.0 = Debug|Any CPU
		{E4C1811B-6DDB-4A3B-9316-9FECCBCCACCE}.Debug|ARM64.ActiveCfg = Debug|Any CPU
		{E4C1811B-6DDB-4A3B-9316-9FECCBCCACCE}.Debug|ARM64.Build.0 = Debug|Any CPU
		{E4C1811B-6DDB-4A3B-9316-9FECCBCCACCE}.Debug|iPhone.ActiveCfg = Debug|Any CPU
		{E4C1811B-6DDB-4A3B-9316-9FECCBCCACCE}.Debug|iPhone.Build.0 = Debug|Any CPU
		{E4C1811B-6DDB-4A3B-9316-9FECCBCCACCE}.Debug|iPhoneSimulator.ActiveCfg = Debug|Any CPU
		{E4C1811B-6DDB-4A3B-9316-9FECCBCCACCE}.Debug|iPhoneSimulator.Build.0 = Debug|Any CPU
		{E4C1811B-6DDB-4A3B-9316-9FECCBCCACCE}.Debug|x64.ActiveCfg = Debug|Any CPU
		{E4C1811B-6DDB-4A3B-9316-9FECCBCCACCE}.Debug|x64.Build.0 = Debug|Any CPU
		{E4C1811B-6DDB-4A3B-9316-9FECCBCCACCE}.Debug|x86.ActiveCfg = Debug|Any CPU
		{E4C1811B-6DDB-4A3B-9316-9FECCBCCACCE}.Debug|x86.Build.0 = Debug|Any CPU
		{E4C1811B-6DDB-4A3B-9316-9FECCBCCACCE}.ProdRelease|Any CPU.ActiveCfg = ProdRelease|Any CPU
		{E4C1811B-6DDB-4A3B-9316-9FECCBCCACCE}.ProdRelease|Any CPU.Build.0 = ProdRelease|Any CPU
		{E4C1811B-6DDB-4A3B-9316-9FECCBCCACCE}.ProdRelease|ARM.ActiveCfg = ProdRelease|Any CPU
		{E4C1811B-6DDB-4A3B-9316-9FECCBCCACCE}.ProdRelease|ARM.Build.0 = ProdRelease|Any CPU
		{E4C1811B-6DDB-4A3B-9316-9FECCBCCACCE}.ProdRelease|ARM64.ActiveCfg = ProdRelease|Any CPU
		{E4C1811B-6DDB-4A3B-9316-9FECCBCCACCE}.ProdRelease|ARM64.Build.0 = ProdRelease|Any CPU
		{E4C1811B-6DDB-4A3B-9316-9FECCBCCACCE}.ProdRelease|iPhone.ActiveCfg = ProdRelease|Any CPU
		{E4C1811B-6DDB-4A3B-9316-9FECCBCCACCE}.ProdRelease|iPhone.Build.0 = ProdRelease|Any CPU
		{E4C1811B-6DDB-4A3B-9316-9FECCBCCACCE}.ProdRelease|iPhoneSimulator.ActiveCfg = ProdRelease|Any CPU
		{E4C1811B-6DDB-4A3B-9316-9FECCBCCACCE}.ProdRelease|iPhoneSimulator.Build.0 = ProdRelease|Any CPU
		{E4C1811B-6DDB-4A3B-9316-9FECCBCCACCE}.ProdRelease|x64.ActiveCfg = ProdRelease|Any CPU
		{E4C1811B-6DDB-4A3B-9316-9FECCBCCACCE}.ProdRelease|x64.Build.0 = ProdRelease|Any CPU
		{E4C1811B-6DDB-4A3B-9316-9FECCBCCACCE}.ProdRelease|x86.ActiveCfg = ProdRelease|Any CPU
		{E4C1811B-6DDB-4A3B-9316-9FECCBCCACCE}.ProdRelease|x86.Build.0 = ProdRelease|Any CPU
		{E4C1811B-6DDB-4A3B-9316-9FECCBCCACCE}.Release|Any CPU.ActiveCfg = Release|Any CPU
		{E4C1811B-6DDB-4A3B-9316-9FECCBCCACCE}.Release|Any CPU.Build.0 = Release|Any CPU
		{E4C1811B-6DDB-4A3B-9316-9FECCBCCACCE}.Release|ARM.ActiveCfg = Release|Any CPU
		{E4C1811B-6DDB-4A3B-9316-9FECCBCCACCE}.Release|ARM.Build.0 = Release|Any CPU
		{E4C1811B-6DDB-4A3B-9316-9FECCBCCACCE}.Release|ARM64.ActiveCfg = Release|Any CPU
		{E4C1811B-6DDB-4A3B-9316-9FECCBCCACCE}.Release|ARM64.Build.0 = Release|Any CPU
		{E4C1811B-6DDB-4A3B-9316-9FECCBCCACCE}.Release|iPhone.ActiveCfg = Release|Any CPU
		{E4C1811B-6DDB-4A3B-9316-9FECCBCCACCE}.Release|iPhone.Build.0 = Release|Any CPU
		{E4C1811B-6DDB-4A3B-9316-9FECCBCCACCE}.Release|iPhoneSimulator.ActiveCfg = Release|Any CPU
		{E4C1811B-6DDB-4A3B-9316-9FECCBCCACCE}.Release|iPhoneSimulator.Build.0 = Release|Any CPU
		{E4C1811B-6DDB-4A3B-9316-9FECCBCCACCE}.Release|x64.ActiveCfg = Release|Any CPU
		{E4C1811B-6DDB-4A3B-9316-9FECCBCCACCE}.Release|x64.Build.0 = Release|Any CPU
		{E4C1811B-6DDB-4A3B-9316-9FECCBCCACCE}.Release|x86.ActiveCfg = Release|Any CPU
		{E4C1811B-6DDB-4A3B-9316-9FECCBCCACCE}.Release|x86.Build.0 = Release|Any CPU
		{266E8C40-C710-4B4D-802C-956ED79B6D48}.Debug|Any CPU.ActiveCfg = Debug|Any CPU
		{266E8C40-C710-4B4D-802C-956ED79B6D48}.Debug|Any CPU.Build.0 = Debug|Any CPU
		{266E8C40-C710-4B4D-802C-956ED79B6D48}.Debug|Any CPU.Deploy.0 = Debug|Any CPU
		{266E8C40-C710-4B4D-802C-956ED79B6D48}.Debug|ARM.ActiveCfg = Debug|Any CPU
		{266E8C40-C710-4B4D-802C-956ED79B6D48}.Debug|ARM.Build.0 = Debug|Any CPU
		{266E8C40-C710-4B4D-802C-956ED79B6D48}.Debug|ARM.Deploy.0 = Debug|Any CPU
		{266E8C40-C710-4B4D-802C-956ED79B6D48}.Debug|ARM64.ActiveCfg = Debug|Any CPU
		{266E8C40-C710-4B4D-802C-956ED79B6D48}.Debug|ARM64.Build.0 = Debug|Any CPU
		{266E8C40-C710-4B4D-802C-956ED79B6D48}.Debug|ARM64.Deploy.0 = Debug|Any CPU
		{266E8C40-C710-4B4D-802C-956ED79B6D48}.Debug|iPhone.ActiveCfg = Debug|Any CPU
		{266E8C40-C710-4B4D-802C-956ED79B6D48}.Debug|iPhone.Build.0 = Debug|Any CPU
		{266E8C40-C710-4B4D-802C-956ED79B6D48}.Debug|iPhone.Deploy.0 = Debug|Any CPU
		{266E8C40-C710-4B4D-802C-956ED79B6D48}.Debug|iPhoneSimulator.ActiveCfg = Debug|Any CPU
		{266E8C40-C710-4B4D-802C-956ED79B6D48}.Debug|iPhoneSimulator.Build.0 = Debug|Any CPU
		{266E8C40-C710-4B4D-802C-956ED79B6D48}.Debug|iPhoneSimulator.Deploy.0 = Debug|Any CPU
		{266E8C40-C710-4B4D-802C-956ED79B6D48}.Debug|x64.ActiveCfg = Debug|Any CPU
		{266E8C40-C710-4B4D-802C-956ED79B6D48}.Debug|x64.Build.0 = Debug|Any CPU
		{266E8C40-C710-4B4D-802C-956ED79B6D48}.Debug|x64.Deploy.0 = Debug|Any CPU
		{266E8C40-C710-4B4D-802C-956ED79B6D48}.Debug|x86.ActiveCfg = Debug|Any CPU
		{266E8C40-C710-4B4D-802C-956ED79B6D48}.Debug|x86.Build.0 = Debug|Any CPU
		{266E8C40-C710-4B4D-802C-956ED79B6D48}.Debug|x86.Deploy.0 = Debug|Any CPU
		{266E8C40-C710-4B4D-802C-956ED79B6D48}.ProdRelease|Any CPU.ActiveCfg = ProdRelease|Any CPU
		{266E8C40-C710-4B4D-802C-956ED79B6D48}.ProdRelease|Any CPU.Build.0 = ProdRelease|Any CPU
		{266E8C40-C710-4B4D-802C-956ED79B6D48}.ProdRelease|Any CPU.Deploy.0 = ProdRelease|Any CPU
		{266E8C40-C710-4B4D-802C-956ED79B6D48}.ProdRelease|ARM.ActiveCfg = ProdRelease|Any CPU
		{266E8C40-C710-4B4D-802C-956ED79B6D48}.ProdRelease|ARM.Build.0 = ProdRelease|Any CPU
		{266E8C40-C710-4B4D-802C-956ED79B6D48}.ProdRelease|ARM.Deploy.0 = ProdRelease|Any CPU
		{266E8C40-C710-4B4D-802C-956ED79B6D48}.ProdRelease|ARM64.ActiveCfg = ProdRelease|Any CPU
		{266E8C40-C710-4B4D-802C-956ED79B6D48}.ProdRelease|ARM64.Build.0 = ProdRelease|Any CPU
		{266E8C40-C710-4B4D-802C-956ED79B6D48}.ProdRelease|ARM64.Deploy.0 = ProdRelease|Any CPU
		{266E8C40-C710-4B4D-802C-956ED79B6D48}.ProdRelease|iPhone.ActiveCfg = ProdRelease|Any CPU
		{266E8C40-C710-4B4D-802C-956ED79B6D48}.ProdRelease|iPhone.Build.0 = ProdRelease|Any CPU
		{266E8C40-C710-4B4D-802C-956ED79B6D48}.ProdRelease|iPhone.Deploy.0 = ProdRelease|Any CPU
		{266E8C40-C710-4B4D-802C-956ED79B6D48}.ProdRelease|iPhoneSimulator.ActiveCfg = ProdRelease|Any CPU
		{266E8C40-C710-4B4D-802C-956ED79B6D48}.ProdRelease|iPhoneSimulator.Build.0 = ProdRelease|Any CPU
		{266E8C40-C710-4B4D-802C-956ED79B6D48}.ProdRelease|iPhoneSimulator.Deploy.0 = ProdRelease|Any CPU
		{266E8C40-C710-4B4D-802C-956ED79B6D48}.ProdRelease|x64.ActiveCfg = ProdRelease|Any CPU
		{266E8C40-C710-4B4D-802C-956ED79B6D48}.ProdRelease|x64.Build.0 = ProdRelease|Any CPU
		{266E8C40-C710-4B4D-802C-956ED79B6D48}.ProdRelease|x64.Deploy.0 = ProdRelease|Any CPU
		{266E8C40-C710-4B4D-802C-956ED79B6D48}.ProdRelease|x86.ActiveCfg = ProdRelease|Any CPU
		{266E8C40-C710-4B4D-802C-956ED79B6D48}.ProdRelease|x86.Build.0 = ProdRelease|Any CPU
		{266E8C40-C710-4B4D-802C-956ED79B6D48}.ProdRelease|x86.Deploy.0 = ProdRelease|Any CPU
		{266E8C40-C710-4B4D-802C-956ED79B6D48}.Release|Any CPU.ActiveCfg = Release|Any CPU
		{266E8C40-C710-4B4D-802C-956ED79B6D48}.Release|Any CPU.Build.0 = Release|Any CPU
		{266E8C40-C710-4B4D-802C-956ED79B6D48}.Release|Any CPU.Deploy.0 = Release|Any CPU
		{266E8C40-C710-4B4D-802C-956ED79B6D48}.Release|ARM.ActiveCfg = Release|Any CPU
		{266E8C40-C710-4B4D-802C-956ED79B6D48}.Release|ARM.Build.0 = Release|Any CPU
		{266E8C40-C710-4B4D-802C-956ED79B6D48}.Release|ARM.Deploy.0 = Release|Any CPU
		{266E8C40-C710-4B4D-802C-956ED79B6D48}.Release|ARM64.ActiveCfg = Release|Any CPU
		{266E8C40-C710-4B4D-802C-956ED79B6D48}.Release|ARM64.Build.0 = Release|Any CPU
		{266E8C40-C710-4B4D-802C-956ED79B6D48}.Release|ARM64.Deploy.0 = Release|Any CPU
		{266E8C40-C710-4B4D-802C-956ED79B6D48}.Release|iPhone.ActiveCfg = Release|Any CPU
		{266E8C40-C710-4B4D-802C-956ED79B6D48}.Release|iPhone.Build.0 = Release|Any CPU
		{266E8C40-C710-4B4D-802C-956ED79B6D48}.Release|iPhone.Deploy.0 = Release|Any CPU
		{266E8C40-C710-4B4D-802C-956ED79B6D48}.Release|iPhoneSimulator.ActiveCfg = Release|Any CPU
		{266E8C40-C710-4B4D-802C-956ED79B6D48}.Release|iPhoneSimulator.Build.0 = Release|Any CPU
		{266E8C40-C710-4B4D-802C-956ED79B6D48}.Release|iPhoneSimulator.Deploy.0 = Release|Any CPU
		{266E8C40-C710-4B4D-802C-956ED79B6D48}.Release|x64.ActiveCfg = Release|Any CPU
		{266E8C40-C710-4B4D-802C-956ED79B6D48}.Release|x64.Build.0 = Release|Any CPU
		{266E8C40-C710-4B4D-802C-956ED79B6D48}.Release|x64.Deploy.0 = Release|Any CPU
		{266E8C40-C710-4B4D-802C-956ED79B6D48}.Release|x86.ActiveCfg = Release|Any CPU
		{266E8C40-C710-4B4D-802C-956ED79B6D48}.Release|x86.Build.0 = Release|Any CPU
		{266E8C40-C710-4B4D-802C-956ED79B6D48}.Release|x86.Deploy.0 = Release|Any CPU
		{72929508-35BF-4B7D-AAC8-2B86319724C2}.Debug|Any CPU.ActiveCfg = Debug|Any CPU
		{72929508-35BF-4B7D-AAC8-2B86319724C2}.Debug|Any CPU.Build.0 = Debug|Any CPU
		{72929508-35BF-4B7D-AAC8-2B86319724C2}.Debug|ARM.ActiveCfg = Debug|Any CPU
		{72929508-35BF-4B7D-AAC8-2B86319724C2}.Debug|ARM.Build.0 = Debug|Any CPU
		{72929508-35BF-4B7D-AAC8-2B86319724C2}.Debug|ARM64.ActiveCfg = Debug|Any CPU
		{72929508-35BF-4B7D-AAC8-2B86319724C2}.Debug|ARM64.Build.0 = Debug|Any CPU
		{72929508-35BF-4B7D-AAC8-2B86319724C2}.Debug|iPhone.ActiveCfg = Debug|Any CPU
		{72929508-35BF-4B7D-AAC8-2B86319724C2}.Debug|iPhone.Build.0 = Debug|Any CPU
		{72929508-35BF-4B7D-AAC8-2B86319724C2}.Debug|iPhoneSimulator.ActiveCfg = Debug|Any CPU
		{72929508-35BF-4B7D-AAC8-2B86319724C2}.Debug|iPhoneSimulator.Build.0 = Debug|Any CPU
		{72929508-35BF-4B7D-AAC8-2B86319724C2}.Debug|x64.ActiveCfg = Debug|Any CPU
		{72929508-35BF-4B7D-AAC8-2B86319724C2}.Debug|x64.Build.0 = Debug|Any CPU
		{72929508-35BF-4B7D-AAC8-2B86319724C2}.Debug|x86.ActiveCfg = Debug|Any CPU
		{72929508-35BF-4B7D-AAC8-2B86319724C2}.Debug|x86.Build.0 = Debug|Any CPU
		{72929508-35BF-4B7D-AAC8-2B86319724C2}.ProdRelease|Any CPU.ActiveCfg = ProdRelease|Any CPU
		{72929508-35BF-4B7D-AAC8-2B86319724C2}.ProdRelease|Any CPU.Build.0 = ProdRelease|Any CPU
		{72929508-35BF-4B7D-AAC8-2B86319724C2}.ProdRelease|ARM.ActiveCfg = ProdRelease|Any CPU
		{72929508-35BF-4B7D-AAC8-2B86319724C2}.ProdRelease|ARM.Build.0 = ProdRelease|Any CPU
		{72929508-35BF-4B7D-AAC8-2B86319724C2}.ProdRelease|ARM64.ActiveCfg = ProdRelease|Any CPU
		{72929508-35BF-4B7D-AAC8-2B86319724C2}.ProdRelease|ARM64.Build.0 = ProdRelease|Any CPU
		{72929508-35BF-4B7D-AAC8-2B86319724C2}.ProdRelease|iPhone.ActiveCfg = ProdRelease|Any CPU
		{72929508-35BF-4B7D-AAC8-2B86319724C2}.ProdRelease|iPhone.Build.0 = ProdRelease|Any CPU
		{72929508-35BF-4B7D-AAC8-2B86319724C2}.ProdRelease|iPhoneSimulator.ActiveCfg = ProdRelease|Any CPU
		{72929508-35BF-4B7D-AAC8-2B86319724C2}.ProdRelease|iPhoneSimulator.Build.0 = ProdRelease|Any CPU
		{72929508-35BF-4B7D-AAC8-2B86319724C2}.ProdRelease|x64.ActiveCfg = ProdRelease|Any CPU
		{72929508-35BF-4B7D-AAC8-2B86319724C2}.ProdRelease|x64.Build.0 = ProdRelease|Any CPU
		{72929508-35BF-4B7D-AAC8-2B86319724C2}.ProdRelease|x86.ActiveCfg = ProdRelease|Any CPU
		{72929508-35BF-4B7D-AAC8-2B86319724C2}.ProdRelease|x86.Build.0 = ProdRelease|Any CPU
		{72929508-35BF-4B7D-AAC8-2B86319724C2}.Release|Any CPU.ActiveCfg = Release|Any CPU
		{72929508-35BF-4B7D-AAC8-2B86319724C2}.Release|Any CPU.Build.0 = Release|Any CPU
		{72929508-35BF-4B7D-AAC8-2B86319724C2}.Release|ARM.ActiveCfg = Release|Any CPU
		{72929508-35BF-4B7D-AAC8-2B86319724C2}.Release|ARM.Build.0 = Release|Any CPU
		{72929508-35BF-4B7D-AAC8-2B86319724C2}.Release|ARM64.ActiveCfg = Release|Any CPU
		{72929508-35BF-4B7D-AAC8-2B86319724C2}.Release|ARM64.Build.0 = Release|Any CPU
		{72929508-35BF-4B7D-AAC8-2B86319724C2}.Release|iPhone.ActiveCfg = Release|Any CPU
		{72929508-35BF-4B7D-AAC8-2B86319724C2}.Release|iPhone.Build.0 = Release|Any CPU
		{72929508-35BF-4B7D-AAC8-2B86319724C2}.Release|iPhoneSimulator.ActiveCfg = Release|Any CPU
		{72929508-35BF-4B7D-AAC8-2B86319724C2}.Release|iPhoneSimulator.Build.0 = Release|Any CPU
		{72929508-35BF-4B7D-AAC8-2B86319724C2}.Release|x64.ActiveCfg = Release|Any CPU
		{72929508-35BF-4B7D-AAC8-2B86319724C2}.Release|x64.Build.0 = Release|Any CPU
		{72929508-35BF-4B7D-AAC8-2B86319724C2}.Release|x86.ActiveCfg = Release|Any CPU
		{72929508-35BF-4B7D-AAC8-2B86319724C2}.Release|x86.Build.0 = Release|Any CPU
		{EC14E537-8C98-4D19-9791-CE80E253A10F}.Debug|Any CPU.ActiveCfg = Debug|Any CPU
		{EC14E537-8C98-4D19-9791-CE80E253A10F}.Debug|Any CPU.Build.0 = Debug|Any CPU
		{EC14E537-8C98-4D19-9791-CE80E253A10F}.Debug|ARM.ActiveCfg = Debug|Any CPU
		{EC14E537-8C98-4D19-9791-CE80E253A10F}.Debug|ARM.Build.0 = Debug|Any CPU
		{EC14E537-8C98-4D19-9791-CE80E253A10F}.Debug|ARM64.ActiveCfg = Debug|Any CPU
		{EC14E537-8C98-4D19-9791-CE80E253A10F}.Debug|ARM64.Build.0 = Debug|Any CPU
		{EC14E537-8C98-4D19-9791-CE80E253A10F}.Debug|iPhone.ActiveCfg = Debug|Any CPU
		{EC14E537-8C98-4D19-9791-CE80E253A10F}.Debug|iPhone.Build.0 = Debug|Any CPU
		{EC14E537-8C98-4D19-9791-CE80E253A10F}.Debug|iPhoneSimulator.ActiveCfg = Debug|Any CPU
		{EC14E537-8C98-4D19-9791-CE80E253A10F}.Debug|iPhoneSimulator.Build.0 = Debug|Any CPU
		{EC14E537-8C98-4D19-9791-CE80E253A10F}.Debug|x64.ActiveCfg = Debug|Any CPU
		{EC14E537-8C98-4D19-9791-CE80E253A10F}.Debug|x64.Build.0 = Debug|Any CPU
		{EC14E537-8C98-4D19-9791-CE80E253A10F}.Debug|x86.ActiveCfg = Debug|Any CPU
		{EC14E537-8C98-4D19-9791-CE80E253A10F}.Debug|x86.Build.0 = Debug|Any CPU
		{EC14E537-8C98-4D19-9791-CE80E253A10F}.ProdRelease|Any CPU.ActiveCfg = ProdRelease|Any CPU
		{EC14E537-8C98-4D19-9791-CE80E253A10F}.ProdRelease|Any CPU.Build.0 = ProdRelease|Any CPU
		{EC14E537-8C98-4D19-9791-CE80E253A10F}.ProdRelease|ARM.ActiveCfg = ProdRelease|Any CPU
		{EC14E537-8C98-4D19-9791-CE80E253A10F}.ProdRelease|ARM.Build.0 = ProdRelease|Any CPU
		{EC14E537-8C98-4D19-9791-CE80E253A10F}.ProdRelease|ARM64.ActiveCfg = ProdRelease|Any CPU
		{EC14E537-8C98-4D19-9791-CE80E253A10F}.ProdRelease|ARM64.Build.0 = ProdRelease|Any CPU
		{EC14E537-8C98-4D19-9791-CE80E253A10F}.ProdRelease|iPhone.ActiveCfg = ProdRelease|Any CPU
		{EC14E537-8C98-4D19-9791-CE80E253A10F}.ProdRelease|iPhone.Build.0 = ProdRelease|Any CPU
		{EC14E537-8C98-4D19-9791-CE80E253A10F}.ProdRelease|iPhoneSimulator.ActiveCfg = ProdRelease|Any CPU
		{EC14E537-8C98-4D19-9791-CE80E253A10F}.ProdRelease|iPhoneSimulator.Build.0 = ProdRelease|Any CPU
		{EC14E537-8C98-4D19-9791-CE80E253A10F}.ProdRelease|x64.ActiveCfg = ProdRelease|Any CPU
		{EC14E537-8C98-4D19-9791-CE80E253A10F}.ProdRelease|x64.Build.0 = ProdRelease|Any CPU
		{EC14E537-8C98-4D19-9791-CE80E253A10F}.ProdRelease|x86.ActiveCfg = ProdRelease|Any CPU
		{EC14E537-8C98-4D19-9791-CE80E253A10F}.ProdRelease|x86.Build.0 = ProdRelease|Any CPU
		{EC14E537-8C98-4D19-9791-CE80E253A10F}.Release|Any CPU.ActiveCfg = Release|Any CPU
		{EC14E537-8C98-4D19-9791-CE80E253A10F}.Release|Any CPU.Build.0 = Release|Any CPU
		{EC14E537-8C98-4D19-9791-CE80E253A10F}.Release|ARM.ActiveCfg = Release|Any CPU
		{EC14E537-8C98-4D19-9791-CE80E253A10F}.Release|ARM.Build.0 = Release|Any CPU
		{EC14E537-8C98-4D19-9791-CE80E253A10F}.Release|ARM64.ActiveCfg = Release|Any CPU
		{EC14E537-8C98-4D19-9791-CE80E253A10F}.Release|ARM64.Build.0 = Release|Any CPU
		{EC14E537-8C98-4D19-9791-CE80E253A10F}.Release|iPhone.ActiveCfg = Release|Any CPU
		{EC14E537-8C98-4D19-9791-CE80E253A10F}.Release|iPhone.Build.0 = Release|Any CPU
		{EC14E537-8C98-4D19-9791-CE80E253A10F}.Release|iPhoneSimulator.ActiveCfg = Release|Any CPU
		{EC14E537-8C98-4D19-9791-CE80E253A10F}.Release|iPhoneSimulator.Build.0 = Release|Any CPU
		{EC14E537-8C98-4D19-9791-CE80E253A10F}.Release|x64.ActiveCfg = Release|Any CPU
		{EC14E537-8C98-4D19-9791-CE80E253A10F}.Release|x64.Build.0 = Release|Any CPU
		{EC14E537-8C98-4D19-9791-CE80E253A10F}.Release|x86.ActiveCfg = Release|Any CPU
		{EC14E537-8C98-4D19-9791-CE80E253A10F}.Release|x86.Build.0 = Release|Any CPU
		{4F13DB00-BD82-4149-9DA1-D5B2DEACBE41}.Debug|Any CPU.ActiveCfg = Debug|Any CPU
		{4F13DB00-BD82-4149-9DA1-D5B2DEACBE41}.Debug|Any CPU.Build.0 = Debug|Any CPU
		{4F13DB00-BD82-4149-9DA1-D5B2DEACBE41}.Debug|ARM.ActiveCfg = Debug|Any CPU
		{4F13DB00-BD82-4149-9DA1-D5B2DEACBE41}.Debug|ARM.Build.0 = Debug|Any CPU
		{4F13DB00-BD82-4149-9DA1-D5B2DEACBE41}.Debug|ARM64.ActiveCfg = Debug|Any CPU
		{4F13DB00-BD82-4149-9DA1-D5B2DEACBE41}.Debug|ARM64.Build.0 = Debug|Any CPU
		{4F13DB00-BD82-4149-9DA1-D5B2DEACBE41}.Debug|iPhone.ActiveCfg = Debug|Any CPU
		{4F13DB00-BD82-4149-9DA1-D5B2DEACBE41}.Debug|iPhone.Build.0 = Debug|Any CPU
		{4F13DB00-BD82-4149-9DA1-D5B2DEACBE41}.Debug|iPhoneSimulator.ActiveCfg = Debug|Any CPU
		{4F13DB00-BD82-4149-9DA1-D5B2DEACBE41}.Debug|iPhoneSimulator.Build.0 = Debug|Any CPU
		{4F13DB00-BD82-4149-9DA1-D5B2DEACBE41}.Debug|x64.ActiveCfg = Debug|Any CPU
		{4F13DB00-BD82-4149-9DA1-D5B2DEACBE41}.Debug|x64.Build.0 = Debug|Any CPU
		{4F13DB00-BD82-4149-9DA1-D5B2DEACBE41}.Debug|x86.ActiveCfg = Debug|Any CPU
		{4F13DB00-BD82-4149-9DA1-D5B2DEACBE41}.Debug|x86.Build.0 = Debug|Any CPU
		{4F13DB00-BD82-4149-9DA1-D5B2DEACBE41}.ProdRelease|Any CPU.ActiveCfg = ProdRelease|Any CPU
		{4F13DB00-BD82-4149-9DA1-D5B2DEACBE41}.ProdRelease|Any CPU.Build.0 = ProdRelease|Any CPU
		{4F13DB00-BD82-4149-9DA1-D5B2DEACBE41}.ProdRelease|ARM.ActiveCfg = ProdRelease|Any CPU
		{4F13DB00-BD82-4149-9DA1-D5B2DEACBE41}.ProdRelease|ARM.Build.0 = ProdRelease|Any CPU
		{4F13DB00-BD82-4149-9DA1-D5B2DEACBE41}.ProdRelease|ARM64.ActiveCfg = ProdRelease|Any CPU
		{4F13DB00-BD82-4149-9DA1-D5B2DEACBE41}.ProdRelease|ARM64.Build.0 = ProdRelease|Any CPU
		{4F13DB00-BD82-4149-9DA1-D5B2DEACBE41}.ProdRelease|iPhone.ActiveCfg = ProdRelease|Any CPU
		{4F13DB00-BD82-4149-9DA1-D5B2DEACBE41}.ProdRelease|iPhone.Build.0 = ProdRelease|Any CPU
		{4F13DB00-BD82-4149-9DA1-D5B2DEACBE41}.ProdRelease|iPhoneSimulator.ActiveCfg = ProdRelease|Any CPU
		{4F13DB00-BD82-4149-9DA1-D5B2DEACBE41}.ProdRelease|iPhoneSimulator.Build.0 = ProdRelease|Any CPU
		{4F13DB00-BD82-4149-9DA1-D5B2DEACBE41}.ProdRelease|x64.ActiveCfg = ProdRelease|Any CPU
		{4F13DB00-BD82-4149-9DA1-D5B2DEACBE41}.ProdRelease|x64.Build.0 = ProdRelease|Any CPU
		{4F13DB00-BD82-4149-9DA1-D5B2DEACBE41}.ProdRelease|x86.ActiveCfg = ProdRelease|Any CPU
		{4F13DB00-BD82-4149-9DA1-D5B2DEACBE41}.ProdRelease|x86.Build.0 = ProdRelease|Any CPU
		{4F13DB00-BD82-4149-9DA1-D5B2DEACBE41}.Release|Any CPU.ActiveCfg = Release|Any CPU
		{4F13DB00-BD82-4149-9DA1-D5B2DEACBE41}.Release|Any CPU.Build.0 = Release|Any CPU
		{4F13DB00-BD82-4149-9DA1-D5B2DEACBE41}.Release|ARM.ActiveCfg = Release|Any CPU
		{4F13DB00-BD82-4149-9DA1-D5B2DEACBE41}.Release|ARM.Build.0 = Release|Any CPU
		{4F13DB00-BD82-4149-9DA1-D5B2DEACBE41}.Release|ARM64.ActiveCfg = Release|Any CPU
		{4F13DB00-BD82-4149-9DA1-D5B2DEACBE41}.Release|ARM64.Build.0 = Release|Any CPU
		{4F13DB00-BD82-4149-9DA1-D5B2DEACBE41}.Release|iPhone.ActiveCfg = Release|Any CPU
		{4F13DB00-BD82-4149-9DA1-D5B2DEACBE41}.Release|iPhone.Build.0 = Release|Any CPU
		{4F13DB00-BD82-4149-9DA1-D5B2DEACBE41}.Release|iPhoneSimulator.ActiveCfg = Release|Any CPU
		{4F13DB00-BD82-4149-9DA1-D5B2DEACBE41}.Release|iPhoneSimulator.Build.0 = Release|Any CPU
		{4F13DB00-BD82-4149-9DA1-D5B2DEACBE41}.Release|x64.ActiveCfg = Release|Any CPU
		{4F13DB00-BD82-4149-9DA1-D5B2DEACBE41}.Release|x64.Build.0 = Release|Any CPU
		{4F13DB00-BD82-4149-9DA1-D5B2DEACBE41}.Release|x86.ActiveCfg = Release|Any CPU
		{4F13DB00-BD82-4149-9DA1-D5B2DEACBE41}.Release|x86.Build.0 = Release|Any CPU
		{DE554D21-6345-4539-934C-89667BC6F3AF}.Debug|Any CPU.ActiveCfg = Debug|Any CPU
		{DE554D21-6345-4539-934C-89667BC6F3AF}.Debug|Any CPU.Build.0 = Debug|Any CPU
		{DE554D21-6345-4539-934C-89667BC6F3AF}.Debug|ARM.ActiveCfg = Debug|Any CPU
		{DE554D21-6345-4539-934C-89667BC6F3AF}.Debug|ARM.Build.0 = Debug|Any CPU
		{DE554D21-6345-4539-934C-89667BC6F3AF}.Debug|ARM64.ActiveCfg = Debug|Any CPU
		{DE554D21-6345-4539-934C-89667BC6F3AF}.Debug|ARM64.Build.0 = Debug|Any CPU
		{DE554D21-6345-4539-934C-89667BC6F3AF}.Debug|iPhone.ActiveCfg = Debug|Any CPU
		{DE554D21-6345-4539-934C-89667BC6F3AF}.Debug|iPhone.Build.0 = Debug|Any CPU
		{DE554D21-6345-4539-934C-89667BC6F3AF}.Debug|iPhoneSimulator.ActiveCfg = Debug|Any CPU
		{DE554D21-6345-4539-934C-89667BC6F3AF}.Debug|iPhoneSimulator.Build.0 = Debug|Any CPU
		{DE554D21-6345-4539-934C-89667BC6F3AF}.Debug|x64.ActiveCfg = Debug|Any CPU
		{DE554D21-6345-4539-934C-89667BC6F3AF}.Debug|x64.Build.0 = Debug|Any CPU
		{DE554D21-6345-4539-934C-89667BC6F3AF}.Debug|x86.ActiveCfg = Debug|Any CPU
		{DE554D21-6345-4539-934C-89667BC6F3AF}.Debug|x86.Build.0 = Debug|Any CPU
		{DE554D21-6345-4539-934C-89667BC6F3AF}.ProdRelease|Any CPU.ActiveCfg = ProdRelease|Any CPU
		{DE554D21-6345-4539-934C-89667BC6F3AF}.ProdRelease|Any CPU.Build.0 = ProdRelease|Any CPU
		{DE554D21-6345-4539-934C-89667BC6F3AF}.ProdRelease|ARM.ActiveCfg = ProdRelease|Any CPU
		{DE554D21-6345-4539-934C-89667BC6F3AF}.ProdRelease|ARM.Build.0 = ProdRelease|Any CPU
		{DE554D21-6345-4539-934C-89667BC6F3AF}.ProdRelease|ARM64.ActiveCfg = ProdRelease|Any CPU
		{DE554D21-6345-4539-934C-89667BC6F3AF}.ProdRelease|ARM64.Build.0 = ProdRelease|Any CPU
		{DE554D21-6345-4539-934C-89667BC6F3AF}.ProdRelease|iPhone.ActiveCfg = ProdRelease|Any CPU
		{DE554D21-6345-4539-934C-89667BC6F3AF}.ProdRelease|iPhone.Build.0 = ProdRelease|Any CPU
		{DE554D21-6345-4539-934C-89667BC6F3AF}.ProdRelease|iPhoneSimulator.ActiveCfg = ProdRelease|Any CPU
		{DE554D21-6345-4539-934C-89667BC6F3AF}.ProdRelease|iPhoneSimulator.Build.0 = ProdRelease|Any CPU
		{DE554D21-6345-4539-934C-89667BC6F3AF}.ProdRelease|x64.ActiveCfg = ProdRelease|Any CPU
		{DE554D21-6345-4539-934C-89667BC6F3AF}.ProdRelease|x64.Build.0 = ProdRelease|Any CPU
		{DE554D21-6345-4539-934C-89667BC6F3AF}.ProdRelease|x86.ActiveCfg = ProdRelease|Any CPU
		{DE554D21-6345-4539-934C-89667BC6F3AF}.ProdRelease|x86.Build.0 = ProdRelease|Any CPU
		{DE554D21-6345-4539-934C-89667BC6F3AF}.Release|Any CPU.ActiveCfg = Release|Any CPU
		{DE554D21-6345-4539-934C-89667BC6F3AF}.Release|Any CPU.Build.0 = Release|Any CPU
		{DE554D21-6345-4539-934C-89667BC6F3AF}.Release|ARM.ActiveCfg = Release|Any CPU
		{DE554D21-6345-4539-934C-89667BC6F3AF}.Release|ARM.Build.0 = Release|Any CPU
		{DE554D21-6345-4539-934C-89667BC6F3AF}.Release|ARM64.ActiveCfg = Release|Any CPU
		{DE554D21-6345-4539-934C-89667BC6F3AF}.Release|ARM64.Build.0 = Release|Any CPU
		{DE554D21-6345-4539-934C-89667BC6F3AF}.Release|iPhone.ActiveCfg = Release|Any CPU
		{DE554D21-6345-4539-934C-89667BC6F3AF}.Release|iPhone.Build.0 = Release|Any CPU
		{DE554D21-6345-4539-934C-89667BC6F3AF}.Release|iPhoneSimulator.ActiveCfg = Release|Any CPU
		{DE554D21-6345-4539-934C-89667BC6F3AF}.Release|iPhoneSimulator.Build.0 = Release|Any CPU
		{DE554D21-6345-4539-934C-89667BC6F3AF}.Release|x64.ActiveCfg = Release|Any CPU
		{DE554D21-6345-4539-934C-89667BC6F3AF}.Release|x64.Build.0 = Release|Any CPU
		{DE554D21-6345-4539-934C-89667BC6F3AF}.Release|x86.ActiveCfg = Release|Any CPU
		{DE554D21-6345-4539-934C-89667BC6F3AF}.Release|x86.Build.0 = Release|Any CPU
		{FF7284DC-8859-4E8C-8F3C-E8FCF12CF6CC}.Debug|Any CPU.ActiveCfg = Debug|Any CPU
		{FF7284DC-8859-4E8C-8F3C-E8FCF12CF6CC}.Debug|Any CPU.Build.0 = Debug|Any CPU
		{FF7284DC-8859-4E8C-8F3C-E8FCF12CF6CC}.Debug|ARM.ActiveCfg = Debug|Any CPU
		{FF7284DC-8859-4E8C-8F3C-E8FCF12CF6CC}.Debug|ARM.Build.0 = Debug|Any CPU
		{FF7284DC-8859-4E8C-8F3C-E8FCF12CF6CC}.Debug|ARM64.ActiveCfg = Debug|Any CPU
		{FF7284DC-8859-4E8C-8F3C-E8FCF12CF6CC}.Debug|ARM64.Build.0 = Debug|Any CPU
		{FF7284DC-8859-4E8C-8F3C-E8FCF12CF6CC}.Debug|iPhone.ActiveCfg = Debug|Any CPU
		{FF7284DC-8859-4E8C-8F3C-E8FCF12CF6CC}.Debug|iPhone.Build.0 = Debug|Any CPU
		{FF7284DC-8859-4E8C-8F3C-E8FCF12CF6CC}.Debug|iPhoneSimulator.ActiveCfg = Debug|Any CPU
		{FF7284DC-8859-4E8C-8F3C-E8FCF12CF6CC}.Debug|iPhoneSimulator.Build.0 = Debug|Any CPU
		{FF7284DC-8859-4E8C-8F3C-E8FCF12CF6CC}.Debug|x64.ActiveCfg = Debug|Any CPU
		{FF7284DC-8859-4E8C-8F3C-E8FCF12CF6CC}.Debug|x64.Build.0 = Debug|Any CPU
		{FF7284DC-8859-4E8C-8F3C-E8FCF12CF6CC}.Debug|x86.ActiveCfg = Debug|Any CPU
		{FF7284DC-8859-4E8C-8F3C-E8FCF12CF6CC}.Debug|x86.Build.0 = Debug|Any CPU
		{FF7284DC-8859-4E8C-8F3C-E8FCF12CF6CC}.ProdRelease|Any CPU.ActiveCfg = ProdRelease|Any CPU
		{FF7284DC-8859-4E8C-8F3C-E8FCF12CF6CC}.ProdRelease|Any CPU.Build.0 = ProdRelease|Any CPU
		{FF7284DC-8859-4E8C-8F3C-E8FCF12CF6CC}.ProdRelease|ARM.ActiveCfg = ProdRelease|Any CPU
		{FF7284DC-8859-4E8C-8F3C-E8FCF12CF6CC}.ProdRelease|ARM.Build.0 = ProdRelease|Any CPU
		{FF7284DC-8859-4E8C-8F3C-E8FCF12CF6CC}.ProdRelease|ARM64.ActiveCfg = ProdRelease|Any CPU
		{FF7284DC-8859-4E8C-8F3C-E8FCF12CF6CC}.ProdRelease|ARM64.Build.0 = ProdRelease|Any CPU
		{FF7284DC-8859-4E8C-8F3C-E8FCF12CF6CC}.ProdRelease|iPhone.ActiveCfg = ProdRelease|Any CPU
		{FF7284DC-8859-4E8C-8F3C-E8FCF12CF6CC}.ProdRelease|iPhone.Build.0 = ProdRelease|Any CPU
		{FF7284DC-8859-4E8C-8F3C-E8FCF12CF6CC}.ProdRelease|iPhoneSimulator.ActiveCfg = ProdRelease|Any CPU
		{FF7284DC-8859-4E8C-8F3C-E8FCF12CF6CC}.ProdRelease|iPhoneSimulator.Build.0 = ProdRelease|Any CPU
		{FF7284DC-8859-4E8C-8F3C-E8FCF12CF6CC}.ProdRelease|x64.ActiveCfg = ProdRelease|Any CPU
		{FF7284DC-8859-4E8C-8F3C-E8FCF12CF6CC}.ProdRelease|x64.Build.0 = ProdRelease|Any CPU
		{FF7284DC-8859-4E8C-8F3C-E8FCF12CF6CC}.ProdRelease|x86.ActiveCfg = ProdRelease|Any CPU
		{FF7284DC-8859-4E8C-8F3C-E8FCF12CF6CC}.ProdRelease|x86.Build.0 = ProdRelease|Any CPU
		{FF7284DC-8859-4E8C-8F3C-E8FCF12CF6CC}.Release|Any CPU.ActiveCfg = Release|Any CPU
		{FF7284DC-8859-4E8C-8F3C-E8FCF12CF6CC}.Release|Any CPU.Build.0 = Release|Any CPU
		{FF7284DC-8859-4E8C-8F3C-E8FCF12CF6CC}.Release|ARM.ActiveCfg = Release|Any CPU
		{FF7284DC-8859-4E8C-8F3C-E8FCF12CF6CC}.Release|ARM.Build.0 = Release|Any CPU
		{FF7284DC-8859-4E8C-8F3C-E8FCF12CF6CC}.Release|ARM64.ActiveCfg = Release|Any CPU
		{FF7284DC-8859-4E8C-8F3C-E8FCF12CF6CC}.Release|ARM64.Build.0 = Release|Any CPU
		{FF7284DC-8859-4E8C-8F3C-E8FCF12CF6CC}.Release|iPhone.ActiveCfg = Release|Any CPU
		{FF7284DC-8859-4E8C-8F3C-E8FCF12CF6CC}.Release|iPhone.Build.0 = Release|Any CPU
		{FF7284DC-8859-4E8C-8F3C-E8FCF12CF6CC}.Release|iPhoneSimulator.ActiveCfg = Release|Any CPU
		{FF7284DC-8859-4E8C-8F3C-E8FCF12CF6CC}.Release|iPhoneSimulator.Build.0 = Release|Any CPU
		{FF7284DC-8859-4E8C-8F3C-E8FCF12CF6CC}.Release|x64.ActiveCfg = Release|Any CPU
		{FF7284DC-8859-4E8C-8F3C-E8FCF12CF6CC}.Release|x64.Build.0 = Release|Any CPU
		{FF7284DC-8859-4E8C-8F3C-E8FCF12CF6CC}.Release|x86.ActiveCfg = Release|Any CPU
		{FF7284DC-8859-4E8C-8F3C-E8FCF12CF6CC}.Release|x86.Build.0 = Release|Any CPU
		{BD7CC03A-E17D-4393-80DD-EE6E4EBCDDE7}.Debug|Any CPU.ActiveCfg = Debug|iPhone
		{BD7CC03A-E17D-4393-80DD-EE6E4EBCDDE7}.Debug|Any CPU.Build.0 = Debug|iPhone
		{BD7CC03A-E17D-4393-80DD-EE6E4EBCDDE7}.Debug|Any CPU.Deploy.0 = Debug|iPhone
		{BD7CC03A-E17D-4393-80DD-EE6E4EBCDDE7}.Debug|ARM.ActiveCfg = Debug|iPhoneSimulator
		{BD7CC03A-E17D-4393-80DD-EE6E4EBCDDE7}.Debug|ARM.Build.0 = Debug|iPhoneSimulator
		{BD7CC03A-E17D-4393-80DD-EE6E4EBCDDE7}.Debug|ARM64.ActiveCfg = Debug|iPhoneSimulator
		{BD7CC03A-E17D-4393-80DD-EE6E4EBCDDE7}.Debug|ARM64.Build.0 = Debug|iPhoneSimulator
		{BD7CC03A-E17D-4393-80DD-EE6E4EBCDDE7}.Debug|iPhone.ActiveCfg = Debug|iPhone
		{BD7CC03A-E17D-4393-80DD-EE6E4EBCDDE7}.Debug|iPhone.Build.0 = Debug|iPhone
		{BD7CC03A-E17D-4393-80DD-EE6E4EBCDDE7}.Debug|iPhone.Deploy.0 = Debug|iPhone
		{BD7CC03A-E17D-4393-80DD-EE6E4EBCDDE7}.Debug|iPhoneSimulator.ActiveCfg = Debug|iPhoneSimulator
		{BD7CC03A-E17D-4393-80DD-EE6E4EBCDDE7}.Debug|iPhoneSimulator.Build.0 = Debug|iPhoneSimulator
		{BD7CC03A-E17D-4393-80DD-EE6E4EBCDDE7}.Debug|x64.ActiveCfg = Debug|iPhoneSimulator
		{BD7CC03A-E17D-4393-80DD-EE6E4EBCDDE7}.Debug|x64.Build.0 = Debug|iPhoneSimulator
		{BD7CC03A-E17D-4393-80DD-EE6E4EBCDDE7}.Debug|x86.ActiveCfg = Debug|iPhoneSimulator
		{BD7CC03A-E17D-4393-80DD-EE6E4EBCDDE7}.Debug|x86.Build.0 = Debug|iPhoneSimulator
		{BD7CC03A-E17D-4393-80DD-EE6E4EBCDDE7}.ProdRelease|Any CPU.ActiveCfg = ProdRelease|iPhone
		{BD7CC03A-E17D-4393-80DD-EE6E4EBCDDE7}.ProdRelease|Any CPU.Build.0 = ProdRelease|iPhone
		{BD7CC03A-E17D-4393-80DD-EE6E4EBCDDE7}.ProdRelease|Any CPU.Deploy.0 = ProdRelease|iPhone
		{BD7CC03A-E17D-4393-80DD-EE6E4EBCDDE7}.ProdRelease|ARM.ActiveCfg = ProdRelease|iPhoneSimulator
		{BD7CC03A-E17D-4393-80DD-EE6E4EBCDDE7}.ProdRelease|ARM.Build.0 = ProdRelease|iPhoneSimulator
		{BD7CC03A-E17D-4393-80DD-EE6E4EBCDDE7}.ProdRelease|ARM64.ActiveCfg = ProdRelease|iPhoneSimulator
		{BD7CC03A-E17D-4393-80DD-EE6E4EBCDDE7}.ProdRelease|ARM64.Build.0 = ProdRelease|iPhoneSimulator
		{BD7CC03A-E17D-4393-80DD-EE6E4EBCDDE7}.ProdRelease|iPhone.ActiveCfg = ProdRelease|iPhone
		{BD7CC03A-E17D-4393-80DD-EE6E4EBCDDE7}.ProdRelease|iPhone.Build.0 = ProdRelease|iPhone
		{BD7CC03A-E17D-4393-80DD-EE6E4EBCDDE7}.ProdRelease|iPhone.Deploy.0 = ProdRelease|iPhone
		{BD7CC03A-E17D-4393-80DD-EE6E4EBCDDE7}.ProdRelease|iPhoneSimulator.ActiveCfg = ProdRelease|iPhoneSimulator
		{BD7CC03A-E17D-4393-80DD-EE6E4EBCDDE7}.ProdRelease|iPhoneSimulator.Build.0 = ProdRelease|iPhoneSimulator
		{BD7CC03A-E17D-4393-80DD-EE6E4EBCDDE7}.ProdRelease|iPhoneSimulator.Deploy.0 = ProdRelease|iPhoneSimulator
		{BD7CC03A-E17D-4393-80DD-EE6E4EBCDDE7}.ProdRelease|x64.ActiveCfg = ProdRelease|iPhoneSimulator
		{BD7CC03A-E17D-4393-80DD-EE6E4EBCDDE7}.ProdRelease|x64.Build.0 = ProdRelease|iPhoneSimulator
		{BD7CC03A-E17D-4393-80DD-EE6E4EBCDDE7}.ProdRelease|x86.ActiveCfg = ProdRelease|iPhoneSimulator
		{BD7CC03A-E17D-4393-80DD-EE6E4EBCDDE7}.ProdRelease|x86.Build.0 = ProdRelease|iPhoneSimulator
		{BD7CC03A-E17D-4393-80DD-EE6E4EBCDDE7}.Release|Any CPU.ActiveCfg = Release|iPhone
		{BD7CC03A-E17D-4393-80DD-EE6E4EBCDDE7}.Release|Any CPU.Build.0 = Release|iPhone
		{BD7CC03A-E17D-4393-80DD-EE6E4EBCDDE7}.Release|ARM.ActiveCfg = Release|iPhoneSimulator
		{BD7CC03A-E17D-4393-80DD-EE6E4EBCDDE7}.Release|ARM.Build.0 = Release|iPhoneSimulator
		{BD7CC03A-E17D-4393-80DD-EE6E4EBCDDE7}.Release|ARM64.ActiveCfg = Release|iPhoneSimulator
		{BD7CC03A-E17D-4393-80DD-EE6E4EBCDDE7}.Release|ARM64.Build.0 = Release|iPhoneSimulator
		{BD7CC03A-E17D-4393-80DD-EE6E4EBCDDE7}.Release|iPhone.ActiveCfg = Release|iPhone
		{BD7CC03A-E17D-4393-80DD-EE6E4EBCDDE7}.Release|iPhone.Build.0 = Release|iPhone
		{BD7CC03A-E17D-4393-80DD-EE6E4EBCDDE7}.Release|iPhone.Deploy.0 = Release|iPhone
		{BD7CC03A-E17D-4393-80DD-EE6E4EBCDDE7}.Release|iPhoneSimulator.ActiveCfg = Release|iPhoneSimulator
		{BD7CC03A-E17D-4393-80DD-EE6E4EBCDDE7}.Release|iPhoneSimulator.Build.0 = Release|iPhoneSimulator
		{BD7CC03A-E17D-4393-80DD-EE6E4EBCDDE7}.Release|x64.ActiveCfg = Release|iPhoneSimulator
		{BD7CC03A-E17D-4393-80DD-EE6E4EBCDDE7}.Release|x64.Build.0 = Release|iPhoneSimulator
		{BD7CC03A-E17D-4393-80DD-EE6E4EBCDDE7}.Release|x86.ActiveCfg = Release|iPhoneSimulator
		{BD7CC03A-E17D-4393-80DD-EE6E4EBCDDE7}.Release|x86.Build.0 = Release|iPhoneSimulator
		{31E61210-DA7E-4E60-93AB-51B284AF4AE1}.Debug|Any CPU.ActiveCfg = Debug|Any CPU
		{31E61210-DA7E-4E60-93AB-51B284AF4AE1}.Debug|Any CPU.Build.0 = Debug|Any CPU
		{31E61210-DA7E-4E60-93AB-51B284AF4AE1}.Debug|Any CPU.Deploy.0 = Debug|Any CPU
		{31E61210-DA7E-4E60-93AB-51B284AF4AE1}.Debug|ARM.ActiveCfg = Debug|Any CPU
		{31E61210-DA7E-4E60-93AB-51B284AF4AE1}.Debug|ARM.Build.0 = Debug|Any CPU
		{31E61210-DA7E-4E60-93AB-51B284AF4AE1}.Debug|ARM.Deploy.0 = Debug|Any CPU
		{31E61210-DA7E-4E60-93AB-51B284AF4AE1}.Debug|ARM64.ActiveCfg = Debug|Any CPU
		{31E61210-DA7E-4E60-93AB-51B284AF4AE1}.Debug|ARM64.Build.0 = Debug|Any CPU
		{31E61210-DA7E-4E60-93AB-51B284AF4AE1}.Debug|ARM64.Deploy.0 = Debug|Any CPU
		{31E61210-DA7E-4E60-93AB-51B284AF4AE1}.Debug|iPhone.ActiveCfg = Debug|Any CPU
		{31E61210-DA7E-4E60-93AB-51B284AF4AE1}.Debug|iPhone.Build.0 = Debug|Any CPU
		{31E61210-DA7E-4E60-93AB-51B284AF4AE1}.Debug|iPhone.Deploy.0 = Debug|Any CPU
		{31E61210-DA7E-4E60-93AB-51B284AF4AE1}.Debug|iPhoneSimulator.ActiveCfg = Debug|Any CPU
		{31E61210-DA7E-4E60-93AB-51B284AF4AE1}.Debug|iPhoneSimulator.Build.0 = Debug|Any CPU
		{31E61210-DA7E-4E60-93AB-51B284AF4AE1}.Debug|iPhoneSimulator.Deploy.0 = Debug|Any CPU
		{31E61210-DA7E-4E60-93AB-51B284AF4AE1}.Debug|x64.ActiveCfg = Debug|Any CPU
		{31E61210-DA7E-4E60-93AB-51B284AF4AE1}.Debug|x64.Build.0 = Debug|Any CPU
		{31E61210-DA7E-4E60-93AB-51B284AF4AE1}.Debug|x64.Deploy.0 = Debug|Any CPU
		{31E61210-DA7E-4E60-93AB-51B284AF4AE1}.Debug|x86.ActiveCfg = Debug|Any CPU
		{31E61210-DA7E-4E60-93AB-51B284AF4AE1}.Debug|x86.Build.0 = Debug|Any CPU
		{31E61210-DA7E-4E60-93AB-51B284AF4AE1}.Debug|x86.Deploy.0 = Debug|Any CPU
		{31E61210-DA7E-4E60-93AB-51B284AF4AE1}.ProdRelease|Any CPU.ActiveCfg = ProdRelease|Any CPU
		{31E61210-DA7E-4E60-93AB-51B284AF4AE1}.ProdRelease|Any CPU.Build.0 = ProdRelease|Any CPU
		{31E61210-DA7E-4E60-93AB-51B284AF4AE1}.ProdRelease|Any CPU.Deploy.0 = ProdRelease|Any CPU
		{31E61210-DA7E-4E60-93AB-51B284AF4AE1}.ProdRelease|ARM.ActiveCfg = ProdRelease|Any CPU
		{31E61210-DA7E-4E60-93AB-51B284AF4AE1}.ProdRelease|ARM.Build.0 = ProdRelease|Any CPU
		{31E61210-DA7E-4E60-93AB-51B284AF4AE1}.ProdRelease|ARM.Deploy.0 = ProdRelease|Any CPU
		{31E61210-DA7E-4E60-93AB-51B284AF4AE1}.ProdRelease|ARM64.ActiveCfg = ProdRelease|Any CPU
		{31E61210-DA7E-4E60-93AB-51B284AF4AE1}.ProdRelease|ARM64.Build.0 = ProdRelease|Any CPU
		{31E61210-DA7E-4E60-93AB-51B284AF4AE1}.ProdRelease|ARM64.Deploy.0 = ProdRelease|Any CPU
		{31E61210-DA7E-4E60-93AB-51B284AF4AE1}.ProdRelease|iPhone.ActiveCfg = Release|Any CPU
		{31E61210-DA7E-4E60-93AB-51B284AF4AE1}.ProdRelease|iPhoneSimulator.ActiveCfg = Release|Any CPU
		{31E61210-DA7E-4E60-93AB-51B284AF4AE1}.ProdRelease|x64.ActiveCfg = ProdRelease|Any CPU
		{31E61210-DA7E-4E60-93AB-51B284AF4AE1}.ProdRelease|x64.Build.0 = ProdRelease|Any CPU
		{31E61210-DA7E-4E60-93AB-51B284AF4AE1}.ProdRelease|x64.Deploy.0 = ProdRelease|Any CPU
		{31E61210-DA7E-4E60-93AB-51B284AF4AE1}.ProdRelease|x86.ActiveCfg = ProdRelease|Any CPU
		{31E61210-DA7E-4E60-93AB-51B284AF4AE1}.ProdRelease|x86.Build.0 = ProdRelease|Any CPU
		{31E61210-DA7E-4E60-93AB-51B284AF4AE1}.ProdRelease|x86.Deploy.0 = ProdRelease|Any CPU
		{31E61210-DA7E-4E60-93AB-51B284AF4AE1}.Release|Any CPU.ActiveCfg = Release|Any CPU
		{31E61210-DA7E-4E60-93AB-51B284AF4AE1}.Release|Any CPU.Build.0 = Release|Any CPU
		{31E61210-DA7E-4E60-93AB-51B284AF4AE1}.Release|Any CPU.Deploy.0 = Release|Any CPU
		{31E61210-DA7E-4E60-93AB-51B284AF4AE1}.Release|ARM.ActiveCfg = Release|Any CPU
		{31E61210-DA7E-4E60-93AB-51B284AF4AE1}.Release|ARM.Build.0 = Release|Any CPU
		{31E61210-DA7E-4E60-93AB-51B284AF4AE1}.Release|ARM.Deploy.0 = Release|Any CPU
		{31E61210-DA7E-4E60-93AB-51B284AF4AE1}.Release|ARM64.ActiveCfg = Release|Any CPU
		{31E61210-DA7E-4E60-93AB-51B284AF4AE1}.Release|ARM64.Build.0 = Release|Any CPU
		{31E61210-DA7E-4E60-93AB-51B284AF4AE1}.Release|ARM64.Deploy.0 = Release|Any CPU
		{31E61210-DA7E-4E60-93AB-51B284AF4AE1}.Release|iPhone.ActiveCfg = Release|Any CPU
		{31E61210-DA7E-4E60-93AB-51B284AF4AE1}.Release|iPhone.Build.0 = Release|Any CPU
		{31E61210-DA7E-4E60-93AB-51B284AF4AE1}.Release|iPhone.Deploy.0 = Release|Any CPU
		{31E61210-DA7E-4E60-93AB-51B284AF4AE1}.Release|iPhoneSimulator.ActiveCfg = Release|Any CPU
		{31E61210-DA7E-4E60-93AB-51B284AF4AE1}.Release|iPhoneSimulator.Build.0 = Release|Any CPU
		{31E61210-DA7E-4E60-93AB-51B284AF4AE1}.Release|iPhoneSimulator.Deploy.0 = Release|Any CPU
		{31E61210-DA7E-4E60-93AB-51B284AF4AE1}.Release|x64.ActiveCfg = Release|Any CPU
		{31E61210-DA7E-4E60-93AB-51B284AF4AE1}.Release|x64.Build.0 = Release|Any CPU
		{31E61210-DA7E-4E60-93AB-51B284AF4AE1}.Release|x64.Deploy.0 = Release|Any CPU
		{31E61210-DA7E-4E60-93AB-51B284AF4AE1}.Release|x86.ActiveCfg = Release|Any CPU
		{31E61210-DA7E-4E60-93AB-51B284AF4AE1}.Release|x86.Build.0 = Release|Any CPU
		{31E61210-DA7E-4E60-93AB-51B284AF4AE1}.Release|x86.Deploy.0 = Release|Any CPU
		{0C2EEF48-D6DD-4537-B970-A99704066115}.Debug|Any CPU.ActiveCfg = Debug|Any CPU
		{0C2EEF48-D6DD-4537-B970-A99704066115}.Debug|Any CPU.Build.0 = Debug|Any CPU
		{0C2EEF48-D6DD-4537-B970-A99704066115}.Debug|ARM.ActiveCfg = Debug|Any CPU
		{0C2EEF48-D6DD-4537-B970-A99704066115}.Debug|ARM.Build.0 = Debug|Any CPU
		{0C2EEF48-D6DD-4537-B970-A99704066115}.Debug|ARM64.ActiveCfg = Debug|Any CPU
		{0C2EEF48-D6DD-4537-B970-A99704066115}.Debug|ARM64.Build.0 = Debug|Any CPU
		{0C2EEF48-D6DD-4537-B970-A99704066115}.Debug|iPhone.ActiveCfg = Debug|Any CPU
		{0C2EEF48-D6DD-4537-B970-A99704066115}.Debug|iPhone.Build.0 = Debug|Any CPU
		{0C2EEF48-D6DD-4537-B970-A99704066115}.Debug|iPhoneSimulator.ActiveCfg = Debug|Any CPU
		{0C2EEF48-D6DD-4537-B970-A99704066115}.Debug|iPhoneSimulator.Build.0 = Debug|Any CPU
		{0C2EEF48-D6DD-4537-B970-A99704066115}.Debug|x64.ActiveCfg = Debug|Any CPU
		{0C2EEF48-D6DD-4537-B970-A99704066115}.Debug|x64.Build.0 = Debug|Any CPU
		{0C2EEF48-D6DD-4537-B970-A99704066115}.Debug|x86.ActiveCfg = Debug|Any CPU
		{0C2EEF48-D6DD-4537-B970-A99704066115}.Debug|x86.Build.0 = Debug|Any CPU
		{0C2EEF48-D6DD-4537-B970-A99704066115}.ProdRelease|Any CPU.ActiveCfg = ProdRelease|Any CPU
		{0C2EEF48-D6DD-4537-B970-A99704066115}.ProdRelease|Any CPU.Build.0 = ProdRelease|Any CPU
		{0C2EEF48-D6DD-4537-B970-A99704066115}.ProdRelease|ARM.ActiveCfg = ProdRelease|Any CPU
		{0C2EEF48-D6DD-4537-B970-A99704066115}.ProdRelease|ARM.Build.0 = ProdRelease|Any CPU
		{0C2EEF48-D6DD-4537-B970-A99704066115}.ProdRelease|ARM64.ActiveCfg = ProdRelease|Any CPU
		{0C2EEF48-D6DD-4537-B970-A99704066115}.ProdRelease|ARM64.Build.0 = ProdRelease|Any CPU
		{0C2EEF48-D6DD-4537-B970-A99704066115}.ProdRelease|iPhone.ActiveCfg = ProdRelease|Any CPU
		{0C2EEF48-D6DD-4537-B970-A99704066115}.ProdRelease|iPhone.Build.0 = ProdRelease|Any CPU
		{0C2EEF48-D6DD-4537-B970-A99704066115}.ProdRelease|iPhoneSimulator.ActiveCfg = ProdRelease|Any CPU
		{0C2EEF48-D6DD-4537-B970-A99704066115}.ProdRelease|iPhoneSimulator.Build.0 = ProdRelease|Any CPU
		{0C2EEF48-D6DD-4537-B970-A99704066115}.ProdRelease|x64.ActiveCfg = ProdRelease|Any CPU
		{0C2EEF48-D6DD-4537-B970-A99704066115}.ProdRelease|x64.Build.0 = ProdRelease|Any CPU
		{0C2EEF48-D6DD-4537-B970-A99704066115}.ProdRelease|x86.ActiveCfg = ProdRelease|Any CPU
		{0C2EEF48-D6DD-4537-B970-A99704066115}.ProdRelease|x86.Build.0 = ProdRelease|Any CPU
		{0C2EEF48-D6DD-4537-B970-A99704066115}.Release|Any CPU.ActiveCfg = Release|Any CPU
		{0C2EEF48-D6DD-4537-B970-A99704066115}.Release|Any CPU.Build.0 = Release|Any CPU
		{0C2EEF48-D6DD-4537-B970-A99704066115}.Release|ARM.ActiveCfg = Release|Any CPU
		{0C2EEF48-D6DD-4537-B970-A99704066115}.Release|ARM.Build.0 = Release|Any CPU
		{0C2EEF48-D6DD-4537-B970-A99704066115}.Release|ARM64.ActiveCfg = Release|Any CPU
		{0C2EEF48-D6DD-4537-B970-A99704066115}.Release|ARM64.Build.0 = Release|Any CPU
		{0C2EEF48-D6DD-4537-B970-A99704066115}.Release|iPhone.ActiveCfg = Release|Any CPU
		{0C2EEF48-D6DD-4537-B970-A99704066115}.Release|iPhone.Build.0 = Release|Any CPU
		{0C2EEF48-D6DD-4537-B970-A99704066115}.Release|iPhoneSimulator.ActiveCfg = Release|Any CPU
		{0C2EEF48-D6DD-4537-B970-A99704066115}.Release|iPhoneSimulator.Build.0 = Release|Any CPU
		{0C2EEF48-D6DD-4537-B970-A99704066115}.Release|x64.ActiveCfg = Release|Any CPU
		{0C2EEF48-D6DD-4537-B970-A99704066115}.Release|x64.Build.0 = Release|Any CPU
		{0C2EEF48-D6DD-4537-B970-A99704066115}.Release|x86.ActiveCfg = Release|Any CPU
		{0C2EEF48-D6DD-4537-B970-A99704066115}.Release|x86.Build.0 = Release|Any CPU
		{5956810C-CC0C-4400-B008-6B847D893B5E}.Debug|Any CPU.ActiveCfg = Debug|Any CPU
		{5956810C-CC0C-4400-B008-6B847D893B5E}.Debug|Any CPU.Build.0 = Debug|Any CPU
		{5956810C-CC0C-4400-B008-6B847D893B5E}.Debug|ARM.ActiveCfg = Debug|Any CPU
		{5956810C-CC0C-4400-B008-6B847D893B5E}.Debug|ARM.Build.0 = Debug|Any CPU
		{5956810C-CC0C-4400-B008-6B847D893B5E}.Debug|ARM64.ActiveCfg = Debug|Any CPU
		{5956810C-CC0C-4400-B008-6B847D893B5E}.Debug|ARM64.Build.0 = Debug|Any CPU
		{5956810C-CC0C-4400-B008-6B847D893B5E}.Debug|iPhone.ActiveCfg = Debug|Any CPU
		{5956810C-CC0C-4400-B008-6B847D893B5E}.Debug|iPhone.Build.0 = Debug|Any CPU
		{5956810C-CC0C-4400-B008-6B847D893B5E}.Debug|iPhoneSimulator.ActiveCfg = Debug|Any CPU
		{5956810C-CC0C-4400-B008-6B847D893B5E}.Debug|iPhoneSimulator.Build.0 = Debug|Any CPU
		{5956810C-CC0C-4400-B008-6B847D893B5E}.Debug|x64.ActiveCfg = Debug|Any CPU
		{5956810C-CC0C-4400-B008-6B847D893B5E}.Debug|x64.Build.0 = Debug|Any CPU
		{5956810C-CC0C-4400-B008-6B847D893B5E}.Debug|x86.ActiveCfg = Debug|Any CPU
		{5956810C-CC0C-4400-B008-6B847D893B5E}.Debug|x86.Build.0 = Debug|Any CPU
		{5956810C-CC0C-4400-B008-6B847D893B5E}.ProdRelease|Any CPU.ActiveCfg = ProdRelease|Any CPU
		{5956810C-CC0C-4400-B008-6B847D893B5E}.ProdRelease|Any CPU.Build.0 = ProdRelease|Any CPU
		{5956810C-CC0C-4400-B008-6B847D893B5E}.ProdRelease|ARM.ActiveCfg = ProdRelease|Any CPU
		{5956810C-CC0C-4400-B008-6B847D893B5E}.ProdRelease|ARM.Build.0 = ProdRelease|Any CPU
		{5956810C-CC0C-4400-B008-6B847D893B5E}.ProdRelease|ARM64.ActiveCfg = ProdRelease|Any CPU
		{5956810C-CC0C-4400-B008-6B847D893B5E}.ProdRelease|ARM64.Build.0 = ProdRelease|Any CPU
		{5956810C-CC0C-4400-B008-6B847D893B5E}.ProdRelease|iPhone.ActiveCfg = ProdRelease|Any CPU
		{5956810C-CC0C-4400-B008-6B847D893B5E}.ProdRelease|iPhone.Build.0 = ProdRelease|Any CPU
		{5956810C-CC0C-4400-B008-6B847D893B5E}.ProdRelease|iPhoneSimulator.ActiveCfg = ProdRelease|Any CPU
		{5956810C-CC0C-4400-B008-6B847D893B5E}.ProdRelease|iPhoneSimulator.Build.0 = ProdRelease|Any CPU
		{5956810C-CC0C-4400-B008-6B847D893B5E}.ProdRelease|x64.ActiveCfg = ProdRelease|Any CPU
		{5956810C-CC0C-4400-B008-6B847D893B5E}.ProdRelease|x64.Build.0 = ProdRelease|Any CPU
		{5956810C-CC0C-4400-B008-6B847D893B5E}.ProdRelease|x86.ActiveCfg = ProdRelease|Any CPU
		{5956810C-CC0C-4400-B008-6B847D893B5E}.ProdRelease|x86.Build.0 = ProdRelease|Any CPU
		{5956810C-CC0C-4400-B008-6B847D893B5E}.Release|Any CPU.ActiveCfg = Release|Any CPU
		{5956810C-CC0C-4400-B008-6B847D893B5E}.Release|Any CPU.Build.0 = Release|Any CPU
		{5956810C-CC0C-4400-B008-6B847D893B5E}.Release|ARM.ActiveCfg = Release|Any CPU
		{5956810C-CC0C-4400-B008-6B847D893B5E}.Release|ARM.Build.0 = Release|Any CPU
		{5956810C-CC0C-4400-B008-6B847D893B5E}.Release|ARM64.ActiveCfg = Release|Any CPU
		{5956810C-CC0C-4400-B008-6B847D893B5E}.Release|ARM64.Build.0 = Release|Any CPU
		{5956810C-CC0C-4400-B008-6B847D893B5E}.Release|iPhone.ActiveCfg = Release|Any CPU
		{5956810C-CC0C-4400-B008-6B847D893B5E}.Release|iPhone.Build.0 = Release|Any CPU
		{5956810C-CC0C-4400-B008-6B847D893B5E}.Release|iPhoneSimulator.ActiveCfg = Release|Any CPU
		{5956810C-CC0C-4400-B008-6B847D893B5E}.Release|iPhoneSimulator.Build.0 = Release|Any CPU
		{5956810C-CC0C-4400-B008-6B847D893B5E}.Release|x64.ActiveCfg = Release|Any CPU
		{5956810C-CC0C-4400-B008-6B847D893B5E}.Release|x64.Build.0 = Release|Any CPU
		{5956810C-CC0C-4400-B008-6B847D893B5E}.Release|x86.ActiveCfg = Release|Any CPU
		{5956810C-CC0C-4400-B008-6B847D893B5E}.Release|x86.Build.0 = Release|Any CPU
		{9C3FF1C9-621F-401D-8328-B80C54C5E09D}.Debug|Any CPU.ActiveCfg = Debug|x64
		{9C3FF1C9-621F-401D-8328-B80C54C5E09D}.Debug|Any CPU.Build.0 = Debug|x64
		{9C3FF1C9-621F-401D-8328-B80C54C5E09D}.Debug|Any CPU.Deploy.0 = Debug|x64
		{9C3FF1C9-621F-401D-8328-B80C54C5E09D}.Debug|ARM.ActiveCfg = Debug|ARM
		{9C3FF1C9-621F-401D-8328-B80C54C5E09D}.Debug|ARM.Build.0 = Debug|ARM
		{9C3FF1C9-621F-401D-8328-B80C54C5E09D}.Debug|ARM.Deploy.0 = Debug|ARM
		{9C3FF1C9-621F-401D-8328-B80C54C5E09D}.Debug|ARM64.ActiveCfg = Debug|x64
		{9C3FF1C9-621F-401D-8328-B80C54C5E09D}.Debug|ARM64.Build.0 = Debug|x64
		{9C3FF1C9-621F-401D-8328-B80C54C5E09D}.Debug|ARM64.Deploy.0 = Debug|x64
		{9C3FF1C9-621F-401D-8328-B80C54C5E09D}.Debug|iPhone.ActiveCfg = Debug|x64
		{9C3FF1C9-621F-401D-8328-B80C54C5E09D}.Debug|iPhone.Build.0 = Debug|x64
		{9C3FF1C9-621F-401D-8328-B80C54C5E09D}.Debug|iPhone.Deploy.0 = Debug|x64
		{9C3FF1C9-621F-401D-8328-B80C54C5E09D}.Debug|iPhoneSimulator.ActiveCfg = Debug|x64
		{9C3FF1C9-621F-401D-8328-B80C54C5E09D}.Debug|iPhoneSimulator.Build.0 = Debug|x64
		{9C3FF1C9-621F-401D-8328-B80C54C5E09D}.Debug|iPhoneSimulator.Deploy.0 = Debug|x64
		{9C3FF1C9-621F-401D-8328-B80C54C5E09D}.Debug|x64.ActiveCfg = Debug|x64
		{9C3FF1C9-621F-401D-8328-B80C54C5E09D}.Debug|x64.Build.0 = Debug|x64
		{9C3FF1C9-621F-401D-8328-B80C54C5E09D}.Debug|x64.Deploy.0 = Debug|x64
		{9C3FF1C9-621F-401D-8328-B80C54C5E09D}.Debug|x86.ActiveCfg = Debug|x86
		{9C3FF1C9-621F-401D-8328-B80C54C5E09D}.Debug|x86.Build.0 = Debug|x86
		{9C3FF1C9-621F-401D-8328-B80C54C5E09D}.Debug|x86.Deploy.0 = Debug|x86
		{9C3FF1C9-621F-401D-8328-B80C54C5E09D}.ProdRelease|Any CPU.ActiveCfg = Debug|ARM
		{9C3FF1C9-621F-401D-8328-B80C54C5E09D}.ProdRelease|Any CPU.Build.0 = Debug|ARM
		{9C3FF1C9-621F-401D-8328-B80C54C5E09D}.ProdRelease|Any CPU.Deploy.0 = Debug|ARM
		{9C3FF1C9-621F-401D-8328-B80C54C5E09D}.ProdRelease|ARM.ActiveCfg = Release|ARM
		{9C3FF1C9-621F-401D-8328-B80C54C5E09D}.ProdRelease|ARM.Build.0 = Release|ARM
		{9C3FF1C9-621F-401D-8328-B80C54C5E09D}.ProdRelease|ARM.Deploy.0 = Release|ARM
		{9C3FF1C9-621F-401D-8328-B80C54C5E09D}.ProdRelease|ARM64.ActiveCfg = Debug|ARM
		{9C3FF1C9-621F-401D-8328-B80C54C5E09D}.ProdRelease|ARM64.Build.0 = Debug|ARM
		{9C3FF1C9-621F-401D-8328-B80C54C5E09D}.ProdRelease|ARM64.Deploy.0 = Debug|ARM
		{9C3FF1C9-621F-401D-8328-B80C54C5E09D}.ProdRelease|iPhone.ActiveCfg = Debug|ARM
		{9C3FF1C9-621F-401D-8328-B80C54C5E09D}.ProdRelease|iPhone.Build.0 = Debug|ARM
		{9C3FF1C9-621F-401D-8328-B80C54C5E09D}.ProdRelease|iPhone.Deploy.0 = Debug|ARM
		{9C3FF1C9-621F-401D-8328-B80C54C5E09D}.ProdRelease|iPhoneSimulator.ActiveCfg = Debug|ARM
		{9C3FF1C9-621F-401D-8328-B80C54C5E09D}.ProdRelease|iPhoneSimulator.Build.0 = Debug|ARM
		{9C3FF1C9-621F-401D-8328-B80C54C5E09D}.ProdRelease|iPhoneSimulator.Deploy.0 = Debug|ARM
		{9C3FF1C9-621F-401D-8328-B80C54C5E09D}.ProdRelease|x64.ActiveCfg = Release|x64
		{9C3FF1C9-621F-401D-8328-B80C54C5E09D}.ProdRelease|x64.Build.0 = Release|x64
		{9C3FF1C9-621F-401D-8328-B80C54C5E09D}.ProdRelease|x64.Deploy.0 = Release|x64
		{9C3FF1C9-621F-401D-8328-B80C54C5E09D}.ProdRelease|x86.ActiveCfg = Release|x86
		{9C3FF1C9-621F-401D-8328-B80C54C5E09D}.ProdRelease|x86.Build.0 = Release|x86
		{9C3FF1C9-621F-401D-8328-B80C54C5E09D}.ProdRelease|x86.Deploy.0 = Release|x86
		{9C3FF1C9-621F-401D-8328-B80C54C5E09D}.Release|Any CPU.ActiveCfg = Release|x64
		{9C3FF1C9-621F-401D-8328-B80C54C5E09D}.Release|Any CPU.Build.0 = Release|x64
		{9C3FF1C9-621F-401D-8328-B80C54C5E09D}.Release|Any CPU.Deploy.0 = Release|x64
		{9C3FF1C9-621F-401D-8328-B80C54C5E09D}.Release|ARM.ActiveCfg = Release|ARM
		{9C3FF1C9-621F-401D-8328-B80C54C5E09D}.Release|ARM.Build.0 = Release|ARM
		{9C3FF1C9-621F-401D-8328-B80C54C5E09D}.Release|ARM.Deploy.0 = Release|ARM
		{9C3FF1C9-621F-401D-8328-B80C54C5E09D}.Release|ARM64.ActiveCfg = Release|x64
		{9C3FF1C9-621F-401D-8328-B80C54C5E09D}.Release|ARM64.Build.0 = Release|x64
		{9C3FF1C9-621F-401D-8328-B80C54C5E09D}.Release|ARM64.Deploy.0 = Release|x64
		{9C3FF1C9-621F-401D-8328-B80C54C5E09D}.Release|iPhone.ActiveCfg = Release|x64
		{9C3FF1C9-621F-401D-8328-B80C54C5E09D}.Release|iPhone.Build.0 = Release|x64
		{9C3FF1C9-621F-401D-8328-B80C54C5E09D}.Release|iPhone.Deploy.0 = Release|x64
		{9C3FF1C9-621F-401D-8328-B80C54C5E09D}.Release|iPhoneSimulator.ActiveCfg = Release|x64
		{9C3FF1C9-621F-401D-8328-B80C54C5E09D}.Release|iPhoneSimulator.Build.0 = Release|x64
		{9C3FF1C9-621F-401D-8328-B80C54C5E09D}.Release|iPhoneSimulator.Deploy.0 = Release|x64
		{9C3FF1C9-621F-401D-8328-B80C54C5E09D}.Release|x64.ActiveCfg = Release|x64
		{9C3FF1C9-621F-401D-8328-B80C54C5E09D}.Release|x64.Build.0 = Release|x64
		{9C3FF1C9-621F-401D-8328-B80C54C5E09D}.Release|x64.Deploy.0 = Release|x64
		{9C3FF1C9-621F-401D-8328-B80C54C5E09D}.Release|x86.ActiveCfg = Release|x86
		{9C3FF1C9-621F-401D-8328-B80C54C5E09D}.Release|x86.Build.0 = Release|x86
		{9C3FF1C9-621F-401D-8328-B80C54C5E09D}.Release|x86.Deploy.0 = Release|x86
	EndGlobalSection
	GlobalSection(SolutionProperties) = preSolution
		HideSolutionNode = FALSE
	EndGlobalSection
	GlobalSection(NestedProjects) = preSolution
		{37310152-5517-4929-8D00-8BF64D632BC1} = {88A4C997-103A-4F5B-BC98-5AEEAE158EEA}
		{3F87DC1C-BAE9-45A1-B57E-667495A17E7F} = {88A4C997-103A-4F5B-BC98-5AEEAE158EEA}
		{1B3CFA18-DB15-482C-B744-01516420A364} = {88A4C997-103A-4F5B-BC98-5AEEAE158EEA}
		{0C02F90D-3950-46DE-8CD7-B7A0012B6DAD} = {88A4C997-103A-4F5B-BC98-5AEEAE158EEA}
		{74AFF030-58EC-4FD4-B4FD-9D6B7018E0FE} = {D3456F7A-DF6C-4FB2-AA97-03EB600DA3E3}
		{0D1C9C25-850E-4CE1-8181-93609CF9350B} = {D3456F7A-DF6C-4FB2-AA97-03EB600DA3E3}
		{775D292F-4F77-427C-B592-8FC28CF5827F} = {D3456F7A-DF6C-4FB2-AA97-03EB600DA3E3}
		{40DE0A0D-1CD4-4558-9D9A-018D90CE80CF} = {D3456F7A-DF6C-4FB2-AA97-03EB600DA3E3}
		{8C61372D-87A3-445C-A9E8-2C25D7A6C521} = {74AFF030-58EC-4FD4-B4FD-9D6B7018E0FE}
		{C9CC84A7-5F72-4F2C-A59C-5309994A257D} = {74AFF030-58EC-4FD4-B4FD-9D6B7018E0FE}
		{E4C1811B-6DDB-4A3B-9316-9FECCBCCACCE} = {74AFF030-58EC-4FD4-B4FD-9D6B7018E0FE}
		{266E8C40-C710-4B4D-802C-956ED79B6D48} = {0D1C9C25-850E-4CE1-8181-93609CF9350B}
		{72929508-35BF-4B7D-AAC8-2B86319724C2} = {775D292F-4F77-427C-B592-8FC28CF5827F}
		{EC14E537-8C98-4D19-9791-CE80E253A10F} = {40DE0A0D-1CD4-4558-9D9A-018D90CE80CF}
		{61F608EA-8CEF-47AA-8A4F-3B64344DB31E} = {A2D91B3F-8E63-4B50-AFDD-6DCDDF25789E}
		{9B0BF2FF-515E-4262-9427-FBF7E96D17BC} = {A2D91B3F-8E63-4B50-AFDD-6DCDDF25789E}
		{80111C64-CE9C-475F-8836-BAECA4FD8982} = {A2D91B3F-8E63-4B50-AFDD-6DCDDF25789E}
		{DD9D34DB-0699-4785-AB86-44C2CCB90A23} = {A2D91B3F-8E63-4B50-AFDD-6DCDDF25789E}
		{4F13DB00-BD82-4149-9DA1-D5B2DEACBE41} = {61F608EA-8CEF-47AA-8A4F-3B64344DB31E}
		{DE554D21-6345-4539-934C-89667BC6F3AF} = {61F608EA-8CEF-47AA-8A4F-3B64344DB31E}
		{FF7284DC-8859-4E8C-8F3C-E8FCF12CF6CC} = {61F608EA-8CEF-47AA-8A4F-3B64344DB31E}
		{BD7CC03A-E17D-4393-80DD-EE6E4EBCDDE7} = {9B0BF2FF-515E-4262-9427-FBF7E96D17BC}
		{31E61210-DA7E-4E60-93AB-51B284AF4AE1} = {9B0BF2FF-515E-4262-9427-FBF7E96D17BC}
		{0C2EEF48-D6DD-4537-B970-A99704066115} = {80111C64-CE9C-475F-8836-BAECA4FD8982}
		{5956810C-CC0C-4400-B008-6B847D893B5E} = {DD9D34DB-0699-4785-AB86-44C2CCB90A23}
		{9C3FF1C9-621F-401D-8328-B80C54C5E09D} = {0D1C9C25-850E-4CE1-8181-93609CF9350B}
	EndGlobalSection
	GlobalSection(ExtensibilityGlobals) = postSolution
		SolutionGuid = {A45E82BC-24C0-4161-A79D-CFA02DBDF1A4}
	EndGlobalSection
	GlobalSection(TeamFoundationVersionControl) = preSolution
		SccNumberOfProjects = 19
		SccEnterpriseProvider = {4CA58AB2-18FA-4F8D-95D4-32DDF27D184C}
		SccTeamFoundationServer = http://tfstl:8080/tfs/defaultcollection
		SccLocalPath0 = .
		SccProjectUniqueName1 = IARA.Mobile.Common\\IARA.Mobile.Application\\IARA.Mobile.Application.csproj
		SccProjectTopLevelParentUniqueName1 = IARA.Mobile.sln
		SccProjectName1 = IARA.Mobile.Common/IARA.Mobile.Application
		SccLocalPath1 = IARA.Mobile.Common\\IARA.Mobile.Application
		SccProjectUniqueName2 = IARA.Mobile.Common\\IARA.Mobile.Domain\\IARA.Mobile.Domain.csproj
		SccProjectTopLevelParentUniqueName2 = IARA.Mobile.sln
		SccProjectName2 = IARA.Mobile.Common/IARA.Mobile.Domain
		SccLocalPath2 = IARA.Mobile.Common\\IARA.Mobile.Domain
		SccProjectUniqueName3 = IARA.Mobile.Common\\IARA.Mobile.Infrastructure\\IARA.Mobile.Infrastructure.csproj
		SccProjectTopLevelParentUniqueName3 = IARA.Mobile.sln
		SccProjectName3 = IARA.Mobile.Common/IARA.Mobile.Infrastructure
		SccLocalPath3 = IARA.Mobile.Common\\IARA.Mobile.Infrastructure
		SccProjectUniqueName4 = IARA.Mobile.Common\\IARA.Mobile.Shared\\IARA.Mobile.Shared.csproj
		SccProjectTopLevelParentUniqueName4 = IARA.Mobile.sln
		SccProjectName4 = IARA.Mobile.Common/IARA.Mobile.Shared
		SccLocalPath4 = IARA.Mobile.Common\\IARA.Mobile.Shared
		SccProjectUniqueName5 = IARA.Mobile.Insp\\IARA.Mobile.Insp.Application\\IARA.Mobile.Insp.Application.csproj
		SccProjectTopLevelParentUniqueName5 = IARA.Mobile.sln
		SccProjectName5 = IARA.Mobile.Insp/IARA.Mobile.Insp.Application
		SccLocalPath5 = IARA.Mobile.Insp\\IARA.Mobile.Insp.Application
		SccProjectUniqueName6 = IARA.Mobile.Insp\\IARA.Mobile.Insp.Domain\\IARA.Mobile.Insp.Domain.csproj
		SccProjectTopLevelParentUniqueName6 = IARA.Mobile.sln
		SccProjectName6 = IARA.Mobile.Insp/IARA.Mobile.Insp.Domain
		SccLocalPath6 = IARA.Mobile.Insp\\IARA.Mobile.Insp.Domain
		SccProjectUniqueName7 = IARA.Mobile.Insp\\IARA.Mobile.Insp.Infrastructure\\IARA.Mobile.Insp.Infrastructure.csproj
		SccProjectTopLevelParentUniqueName7 = IARA.Mobile.sln
		SccProjectName7 = IARA.Mobile.Insp/IARA.Mobile.Insp.Infrastructure
		SccLocalPath7 = IARA.Mobile.Insp\\IARA.Mobile.Insp.Infrastructure
		SccProjectUniqueName8 = IARA.Mobile.Insp\\IARA.Mobile.Insp.Android\\IARA.Mobile.Insp.Android.csproj
		SccProjectTopLevelParentUniqueName8 = IARA.Mobile.sln
		SccProjectName8 = IARA.Mobile.Insp/IARA.Mobile.Insp.Android
		SccLocalPath8 = IARA.Mobile.Insp\\IARA.Mobile.Insp.Android
		SccProjectUniqueName9 = IARA.Mobile.Insp\\IARA.Mobile.Insp\\IARA.Mobile.Insp.csproj
		SccProjectTopLevelParentUniqueName9 = IARA.Mobile.sln
		SccProjectName9 = IARA.Mobile.Insp/IARA.Mobile.Insp
		SccLocalPath9 = IARA.Mobile.Insp\\IARA.Mobile.Insp
		SccProjectUniqueName10 = IARA.Mobile.Insp\\IARA.Mobile.Insp.Tests\\IARA.Mobile.Insp.Tests.csproj
		SccProjectTopLevelParentUniqueName10 = IARA.Mobile.sln
		SccProjectName10 = IARA.Mobile.Insp/IARA.Mobile.Insp.Tests
		SccLocalPath10 = IARA.Mobile.Insp\\IARA.Mobile.Insp.Tests
		SccProjectUniqueName11 = IARA.Mobile.Pub\\IARA.Mobile.Pub.Application\\IARA.Mobile.Pub.Application.csproj
		SccProjectTopLevelParentUniqueName11 = IARA.Mobile.sln
		SccProjectName11 = IARA.Mobile.Pub/IARA.Mobile.Pub.Application
		SccLocalPath11 = IARA.Mobile.Pub\\IARA.Mobile.Pub.Application
		SccProjectUniqueName12 = IARA.Mobile.Pub\\IARA.Mobile.Pub.Domain\\IARA.Mobile.Pub.Domain.csproj
		SccProjectTopLevelParentUniqueName12 = IARA.Mobile.sln
		SccProjectName12 = IARA.Mobile.Pub/IARA.Mobile.Pub.Domain
		SccLocalPath12 = IARA.Mobile.Pub\\IARA.Mobile.Pub.Domain
		SccProjectUniqueName13 = IARA.Mobile.Pub\\IARA.Mobile.Pub.Infrastructure\\IARA.Mobile.Pub.Infrastructure.csproj
		SccProjectTopLevelParentUniqueName13 = IARA.Mobile.sln
		SccProjectName13 = IARA.Mobile.Pub/IARA.Mobile.Pub.Infrastructure
		SccLocalPath13 = IARA.Mobile.Pub\\IARA.Mobile.Pub.Infrastructure
		SccProjectUniqueName14 = IARA.Mobile.Pub\\IARA.Mobile.Pub.iOS\\IARA.Mobile.Pub.iOS.csproj
		SccProjectTopLevelParentUniqueName14 = IARA.Mobile.sln
		SccProjectName14 = IARA.Mobile.Pub/IARA.Mobile.Pub.iOS
		SccLocalPath14 = IARA.Mobile.Pub\\IARA.Mobile.Pub.iOS
		SccProjectUniqueName15 = IARA.Mobile.Pub\\IARA.Mobile.Pub.Android\\IARA.Mobile.Pub.Android.csproj
		SccProjectTopLevelParentUniqueName15 = IARA.Mobile.sln
		SccProjectName15 = IARA.Mobile.Pub/IARA.Mobile.Pub.Android
		SccLocalPath15 = IARA.Mobile.Pub\\IARA.Mobile.Pub.Android
		SccProjectUniqueName16 = IARA.Mobile.Pub\\IARA.Mobile.Pub\\IARA.Mobile.Pub.csproj
		SccProjectTopLevelParentUniqueName16 = IARA.Mobile.sln
		SccProjectName16 = IARA.Mobile.Pub/IARA.Mobile.Pub
		SccLocalPath16 = IARA.Mobile.Pub\\IARA.Mobile.Pub
		SccProjectUniqueName17 = IARA.Mobile.Pub\\IARA.Mobile.Pub.Tests\\IARA.Mobile.Pub.Tests.csproj
		SccProjectTopLevelParentUniqueName17 = IARA.Mobile.sln
		SccProjectName17 = IARA.Mobile.Pub/IARA.Mobile.Pub.Tests
		SccLocalPath17 = IARA.Mobile.Pub\\IARA.Mobile.Pub.Tests
		SccProjectUniqueName18 = IARA.Mobile.Insp\\IARA.Mobile.Insp.UWP\\IARA.Mobile.Insp.UWP.csproj
		SccProjectTopLevelParentUniqueName18 = IARA.Mobile.sln
		SccProjectName18 = IARA.Mobile.Insp/IARA.Mobile.Insp.UWP
		SccLocalPath18 = IARA.Mobile.Insp\\IARA.Mobile.Insp.UWP
	EndGlobalSection
EndGlobal
