
Microsoft Visual Studio Solution File, Format Version 12.00
# Visual Studio Version 17
VisualStudioVersion = 17.0.31903.59
MinimumVisualStudioVersion = 10.0.40219.1
Project("{FAE04EC0-301F-11D3-BF4B-00C04F79EFBC}") = "IARA.Mobile.Pub.Android", "IARA.Mobile.Pub.Android\IARA.Mobile.Pub.Android.csproj", "{31E61210-DA7E-4E60-93AB-51B284AF4AE1}"
EndProject
Project("{FAE04EC0-301F-11D3-BF4B-00C04F79EFBC}") = "IARA.Mobile.Pub.iOS", "IARA.Mobile.Pub.iOS\IARA.Mobile.Pub.iOS.csproj", "{BD7CC03A-E17D-4393-80DD-EE6E4EBCDDE7}"
EndProject
Project("{9A19103F-16F7-4668-BE54-9A1E7A4F7556}") = "IARA.Mobile.Pub", "IARA.Mobile.Pub\IARA.Mobile.Pub.csproj", "{4800DA33-F986-4927-9DEF-06AC4CCF7D84}"
EndProject
Project("{2150E333-8FDC-42A3-9474-1A3956D46DE8}") = "Common", "Common", "{42F7D4E7-AF69-43BF-B90C-DF647C0452CE}"
EndProject
Project("{2150E333-8FDC-42A3-9474-1A3956D46DE8}") = "Core", "Core", "{1AC8CDB0-3592-4000-A02E-DA8E342B738A}"
EndProject
Project("{2150E333-8FDC-42A3-9474-1A3956D46DE8}") = "Platforms", "Platforms", "{C4EFA12F-443D-4C38-B9BA-BB79E22A6A07}"
EndProject
Project("{2150E333-8FDC-42A3-9474-1A3956D46DE8}") = "Presentation", "Presentation", "{C48314CB-EAF7-48FA-B358-6CD0ACDF08E8}"
EndProject
Project("{2150E333-8FDC-42A3-9474-1A3956D46DE8}") = "Tests", "Tests", "{BF804464-EA28-41D4-90EC-68E5F568D46A}"
EndProject
Project("{9A19103F-16F7-4668-BE54-9A1E7A4F7556}") = "IARA.Mobile.Pub.Domain", "IARA.Mobile.Pub.Domain\IARA.Mobile.Pub.Domain.csproj", "{09FC5977-9E97-4D10-8757-065D1CB8E655}"
EndProject
Project("{9A19103F-16F7-4668-BE54-9A1E7A4F7556}") = "IARA.Mobile.Pub.Tests", "IARA.Mobile.Pub.Tests\IARA.Mobile.Pub.Tests.csproj", "{BAE52484-1BD6-4ECB-994A-D0C65202A2CD}"
EndProject
Project("{9A19103F-16F7-4668-BE54-9A1E7A4F7556}") = "IARA.Mobile.Pub.Application", "IARA.Mobile.Pub.Application\IARA.Mobile.Pub.Application.csproj", "{1084F020-289D-4036-8F4A-8236858764EF}"
EndProject
Project("{9A19103F-16F7-4668-BE54-9A1E7A4F7556}") = "IARA.Mobile.Pub.Infrastructure", "IARA.Mobile.Pub.Infrastructure\IARA.Mobile.Pub.Infrastructure.csproj", "{ACB30ACC-E56E-428F-9EB1-0E58776A87D7}"
EndProject
Project("{9A19103F-16F7-4668-BE54-9A1E7A4F7556}") = "IARA.Mobile.Application", "..\IARA.Mobile.Common\IARA.Mobile.Application\IARA.Mobile.Application.csproj", "{7346D82C-9ED8-4552-A042-4AFA2C9B8290}"
EndProject
Project("{9A19103F-16F7-4668-BE54-9A1E7A4F7556}") = "IARA.Mobile.Infrastructure", "..\IARA.Mobile.Common\IARA.Mobile.Infrastructure\IARA.Mobile.Infrastructure.csproj", "{81173DA5-CF6F-4577-8921-672F364A2DE8}"
EndProject
Project("{9A19103F-16F7-4668-BE54-9A1E7A4F7556}") = "IARA.Mobile.Domain", "..\IARA.Mobile.Common\IARA.Mobile.Domain\IARA.Mobile.Domain.csproj", "{C073ED92-199B-4C77-9D92-856690CCF8F6}"
EndProject
Project("{9A19103F-16F7-4668-BE54-9A1E7A4F7556}") = "IARA.Mobile.Shared", "..\IARA.Mobile.Common\IARA.Mobile.Shared\IARA.Mobile.Shared.csproj", "{4BF7A87C-2B59-4A3D-8438-72A720203B46}"
EndProject
Global
	GlobalSection(SolutionConfigurationPlatforms) = preSolution
		Debug|Any CPU = Debug|Any CPU
		Debug|iPhone = Debug|iPhone
		Debug|iPhoneSimulator = Debug|iPhoneSimulator
		ProdRelease|Any CPU = ProdRelease|Any CPU
		ProdRelease|iPhone = ProdRelease|iPhone
		ProdRelease|iPhoneSimulator = ProdRelease|iPhoneSimulator
		Release|Any CPU = Release|Any CPU
		Release|iPhone = Release|iPhone
		Release|iPhoneSimulator = Release|iPhoneSimulator
	EndGlobalSection
	GlobalSection(ProjectConfigurationPlatforms) = postSolution
		{31E61210-DA7E-4E60-93AB-51B284AF4AE1}.Debug|Any CPU.ActiveCfg = Debug|Any CPU
		{31E61210-DA7E-4E60-93AB-51B284AF4AE1}.Debug|Any CPU.Build.0 = Debug|Any CPU
		{31E61210-DA7E-4E60-93AB-51B284AF4AE1}.Debug|Any CPU.Deploy.0 = Debug|Any CPU
		{31E61210-DA7E-4E60-93AB-51B284AF4AE1}.Debug|iPhone.ActiveCfg = Debug|Any CPU
		{31E61210-DA7E-4E60-93AB-51B284AF4AE1}.Debug|iPhone.Build.0 = Debug|Any CPU
		{31E61210-DA7E-4E60-93AB-51B284AF4AE1}.Debug|iPhone.Deploy.0 = Debug|Any CPU
		{31E61210-DA7E-4E60-93AB-51B284AF4AE1}.Debug|iPhoneSimulator.ActiveCfg = Debug|Any CPU
		{31E61210-DA7E-4E60-93AB-51B284AF4AE1}.Debug|iPhoneSimulator.Build.0 = Debug|Any CPU
		{31E61210-DA7E-4E60-93AB-51B284AF4AE1}.Debug|iPhoneSimulator.Deploy.0 = Debug|Any CPU
		{31E61210-DA7E-4E60-93AB-51B284AF4AE1}.ProdRelease|Any CPU.ActiveCfg = ProdRelease|Any CPU
		{31E61210-DA7E-4E60-93AB-51B284AF4AE1}.ProdRelease|Any CPU.Build.0 = ProdRelease|Any CPU
		{31E61210-DA7E-4E60-93AB-51B284AF4AE1}.ProdRelease|Any CPU.Deploy.0 = ProdRelease|Any CPU
		{31E61210-DA7E-4E60-93AB-51B284AF4AE1}.ProdRelease|iPhone.ActiveCfg = Release|Any CPU
		{31E61210-DA7E-4E60-93AB-51B284AF4AE1}.ProdRelease|iPhone.Build.0 = Release|Any CPU
		{31E61210-DA7E-4E60-93AB-51B284AF4AE1}.ProdRelease|iPhone.Deploy.0 = Release|Any CPU
		{31E61210-DA7E-4E60-93AB-51B284AF4AE1}.ProdRelease|iPhoneSimulator.ActiveCfg = Release|Any CPU
		{31E61210-DA7E-4E60-93AB-51B284AF4AE1}.ProdRelease|iPhoneSimulator.Build.0 = Release|Any CPU
		{31E61210-DA7E-4E60-93AB-51B284AF4AE1}.ProdRelease|iPhoneSimulator.Deploy.0 = Release|Any CPU
		{31E61210-DA7E-4E60-93AB-51B284AF4AE1}.Release|Any CPU.ActiveCfg = Release|Any CPU
		{31E61210-DA7E-4E60-93AB-51B284AF4AE1}.Release|Any CPU.Build.0 = Release|Any CPU
		{31E61210-DA7E-4E60-93AB-51B284AF4AE1}.Release|Any CPU.Deploy.0 = Release|Any CPU
		{31E61210-DA7E-4E60-93AB-51B284AF4AE1}.Release|iPhone.ActiveCfg = Release|Any CPU
		{31E61210-DA7E-4E60-93AB-51B284AF4AE1}.Release|iPhone.Build.0 = Release|Any CPU
		{31E61210-DA7E-4E60-93AB-51B284AF4AE1}.Release|iPhone.Deploy.0 = Release|Any CPU
		{31E61210-DA7E-4E60-93AB-51B284AF4AE1}.Release|iPhoneSimulator.ActiveCfg = Release|Any CPU
		{31E61210-DA7E-4E60-93AB-51B284AF4AE1}.Release|iPhoneSimulator.Build.0 = Release|Any CPU
		{31E61210-DA7E-4E60-93AB-51B284AF4AE1}.Release|iPhoneSimulator.Deploy.0 = Release|Any CPU
		{BD7CC03A-E17D-4393-80DD-EE6E4EBCDDE7}.Debug|Any CPU.ActiveCfg = Debug|iPhone
		{BD7CC03A-E17D-4393-80DD-EE6E4EBCDDE7}.Debug|Any CPU.Build.0 = Debug|iPhone
		{BD7CC03A-E17D-4393-80DD-EE6E4EBCDDE7}.Debug|Any CPU.Deploy.0 = Debug|iPhone
		{BD7CC03A-E17D-4393-80DD-EE6E4EBCDDE7}.Debug|iPhone.ActiveCfg = Debug|iPhone
		{BD7CC03A-E17D-4393-80DD-EE6E4EBCDDE7}.Debug|iPhone.Build.0 = Debug|iPhone
		{BD7CC03A-E17D-4393-80DD-EE6E4EBCDDE7}.Debug|iPhone.Deploy.0 = Debug|iPhone
		{BD7CC03A-E17D-4393-80DD-EE6E4EBCDDE7}.Debug|iPhoneSimulator.ActiveCfg = Debug|iPhoneSimulator
		{BD7CC03A-E17D-4393-80DD-EE6E4EBCDDE7}.Debug|iPhoneSimulator.Build.0 = Debug|iPhoneSimulator
		{BD7CC03A-E17D-4393-80DD-EE6E4EBCDDE7}.Debug|iPhoneSimulator.Deploy.0 = Debug|iPhoneSimulator
		{BD7CC03A-E17D-4393-80DD-EE6E4EBCDDE7}.ProdRelease|Any CPU.ActiveCfg = ProdRelease|iPhone
		{BD7CC03A-E17D-4393-80DD-EE6E4EBCDDE7}.ProdRelease|Any CPU.Build.0 = ProdRelease|iPhone
		{BD7CC03A-E17D-4393-80DD-EE6E4EBCDDE7}.ProdRelease|Any CPU.Deploy.0 = ProdRelease|iPhone
		{BD7CC03A-E17D-4393-80DD-EE6E4EBCDDE7}.ProdRelease|iPhone.ActiveCfg = Release|iPhone
		{BD7CC03A-E17D-4393-80DD-EE6E4EBCDDE7}.ProdRelease|iPhone.Build.0 = Release|iPhone
		{BD7CC03A-E17D-4393-80DD-EE6E4EBCDDE7}.ProdRelease|iPhone.Deploy.0 = Release|iPhone
		{BD7CC03A-E17D-4393-80DD-EE6E4EBCDDE7}.ProdRelease|iPhoneSimulator.ActiveCfg = Release|iPhoneSimulator
		{BD7CC03A-E17D-4393-80DD-EE6E4EBCDDE7}.ProdRelease|iPhoneSimulator.Build.0 = Release|iPhoneSimulator
		{BD7CC03A-E17D-4393-80DD-EE6E4EBCDDE7}.ProdRelease|iPhoneSimulator.Deploy.0 = Release|iPhoneSimulator
		{BD7CC03A-E17D-4393-80DD-EE6E4EBCDDE7}.Release|Any CPU.ActiveCfg = Release|iPhoneSimulator
		{BD7CC03A-E17D-4393-80DD-EE6E4EBCDDE7}.Release|Any CPU.Build.0 = Release|iPhoneSimulator
		{BD7CC03A-E17D-4393-80DD-EE6E4EBCDDE7}.Release|Any CPU.Deploy.0 = Release|iPhoneSimulator
		{BD7CC03A-E17D-4393-80DD-EE6E4EBCDDE7}.Release|iPhone.ActiveCfg = Release|iPhone
		{BD7CC03A-E17D-4393-80DD-EE6E4EBCDDE7}.Release|iPhone.Build.0 = Release|iPhone
		{BD7CC03A-E17D-4393-80DD-EE6E4EBCDDE7}.Release|iPhone.Deploy.0 = Release|iPhone
		{BD7CC03A-E17D-4393-80DD-EE6E4EBCDDE7}.Release|iPhoneSimulator.ActiveCfg = Release|iPhoneSimulator
		{BD7CC03A-E17D-4393-80DD-EE6E4EBCDDE7}.Release|iPhoneSimulator.Build.0 = Release|iPhoneSimulator
		{BD7CC03A-E17D-4393-80DD-EE6E4EBCDDE7}.Release|iPhoneSimulator.Deploy.0 = Release|iPhoneSimulator
		{4800DA33-F986-4927-9DEF-06AC4CCF7D84}.Debug|Any CPU.ActiveCfg = Debug|Any CPU
		{4800DA33-F986-4927-9DEF-06AC4CCF7D84}.Debug|Any CPU.Build.0 = Debug|Any CPU
		{4800DA33-F986-4927-9DEF-06AC4CCF7D84}.Debug|Any CPU.Deploy.0 = Debug|Any CPU
		{4800DA33-F986-4927-9DEF-06AC4CCF7D84}.Debug|iPhone.ActiveCfg = Debug|Any CPU
		{4800DA33-F986-4927-9DEF-06AC4CCF7D84}.Debug|iPhone.Build.0 = Debug|Any CPU
		{4800DA33-F986-4927-9DEF-06AC4CCF7D84}.Debug|iPhone.Deploy.0 = Debug|Any CPU
		{4800DA33-F986-4927-9DEF-06AC4CCF7D84}.Debug|iPhoneSimulator.ActiveCfg = Debug|Any CPU
		{4800DA33-F986-4927-9DEF-06AC4CCF7D84}.Debug|iPhoneSimulator.Build.0 = Debug|Any CPU
		{4800DA33-F986-4927-9DEF-06AC4CCF7D84}.Debug|iPhoneSimulator.Deploy.0 = Debug|Any CPU
		{4800DA33-F986-4927-9DEF-06AC4CCF7D84}.ProdRelease|Any CPU.ActiveCfg = ProdRelease|Any CPU
		{4800DA33-F986-4927-9DEF-06AC4CCF7D84}.ProdRelease|Any CPU.Build.0 = ProdRelease|Any CPU
		{4800DA33-F986-4927-9DEF-06AC4CCF7D84}.ProdRelease|Any CPU.Deploy.0 = ProdRelease|Any CPU
		{4800DA33-F986-4927-9DEF-06AC4CCF7D84}.ProdRelease|iPhone.ActiveCfg = Release|Any CPU
		{4800DA33-F986-4927-9DEF-06AC4CCF7D84}.ProdRelease|iPhone.Build.0 = Release|Any CPU
		{4800DA33-F986-4927-9DEF-06AC4CCF7D84}.ProdRelease|iPhone.Deploy.0 = Release|Any CPU
		{4800DA33-F986-4927-9DEF-06AC4CCF7D84}.ProdRelease|iPhoneSimulator.ActiveCfg = Release|Any CPU
		{4800DA33-F986-4927-9DEF-06AC4CCF7D84}.ProdRelease|iPhoneSimulator.Build.0 = Release|Any CPU
		{4800DA33-F986-4927-9DEF-06AC4CCF7D84}.ProdRelease|iPhoneSimulator.Deploy.0 = Release|Any CPU
		{4800DA33-F986-4927-9DEF-06AC4CCF7D84}.Release|Any CPU.ActiveCfg = Release|Any CPU
		{4800DA33-F986-4927-9DEF-06AC4CCF7D84}.Release|Any CPU.Build.0 = Release|Any CPU
		{4800DA33-F986-4927-9DEF-06AC4CCF7D84}.Release|Any CPU.Deploy.0 = Release|Any CPU
		{4800DA33-F986-4927-9DEF-06AC4CCF7D84}.Release|iPhone.ActiveCfg = Release|Any CPU
		{4800DA33-F986-4927-9DEF-06AC4CCF7D84}.Release|iPhone.Build.0 = Release|Any CPU
		{4800DA33-F986-4927-9DEF-06AC4CCF7D84}.Release|iPhone.Deploy.0 = Release|Any CPU
		{4800DA33-F986-4927-9DEF-06AC4CCF7D84}.Release|iPhoneSimulator.ActiveCfg = Release|Any CPU
		{4800DA33-F986-4927-9DEF-06AC4CCF7D84}.Release|iPhoneSimulator.Build.0 = Release|Any CPU
		{4800DA33-F986-4927-9DEF-06AC4CCF7D84}.Release|iPhoneSimulator.Deploy.0 = Release|Any CPU
		{09FC5977-9E97-4D10-8757-065D1CB8E655}.Debug|Any CPU.ActiveCfg = Debug|Any CPU
		{09FC5977-9E97-4D10-8757-065D1CB8E655}.Debug|Any CPU.Build.0 = Debug|Any CPU
		{09FC5977-9E97-4D10-8757-065D1CB8E655}.Debug|iPhone.ActiveCfg = Debug|Any CPU
		{09FC5977-9E97-4D10-8757-065D1CB8E655}.Debug|iPhone.Build.0 = Debug|Any CPU
		{09FC5977-9E97-4D10-8757-065D1CB8E655}.Debug|iPhoneSimulator.ActiveCfg = Debug|Any CPU
		{09FC5977-9E97-4D10-8757-065D1CB8E655}.Debug|iPhoneSimulator.Build.0 = Debug|Any CPU
		{09FC5977-9E97-4D10-8757-065D1CB8E655}.ProdRelease|Any CPU.ActiveCfg = ProdRelease|Any CPU
		{09FC5977-9E97-4D10-8757-065D1CB8E655}.ProdRelease|Any CPU.Build.0 = ProdRelease|Any CPU
		{09FC5977-9E97-4D10-8757-065D1CB8E655}.ProdRelease|iPhone.ActiveCfg = Release|Any CPU
		{09FC5977-9E97-4D10-8757-065D1CB8E655}.ProdRelease|iPhone.Build.0 = Release|Any CPU
		{09FC5977-9E97-4D10-8757-065D1CB8E655}.ProdRelease|iPhoneSimulator.ActiveCfg = Release|Any CPU
		{09FC5977-9E97-4D10-8757-065D1CB8E655}.ProdRelease|iPhoneSimulator.Build.0 = Release|Any CPU
		{09FC5977-9E97-4D10-8757-065D1CB8E655}.Release|Any CPU.ActiveCfg = Release|Any CPU
		{09FC5977-9E97-4D10-8757-065D1CB8E655}.Release|Any CPU.Build.0 = Release|Any CPU
		{09FC5977-9E97-4D10-8757-065D1CB8E655}.Release|iPhone.ActiveCfg = Release|Any CPU
		{09FC5977-9E97-4D10-8757-065D1CB8E655}.Release|iPhone.Build.0 = Release|Any CPU
		{09FC5977-9E97-4D10-8757-065D1CB8E655}.Release|iPhoneSimulator.ActiveCfg = Release|Any CPU
		{09FC5977-9E97-4D10-8757-065D1CB8E655}.Release|iPhoneSimulator.Build.0 = Release|Any CPU
		{BAE52484-1BD6-4ECB-994A-D0C65202A2CD}.Debug|Any CPU.ActiveCfg = Debug|Any CPU
		{BAE52484-1BD6-4ECB-994A-D0C65202A2CD}.Debug|Any CPU.Build.0 = Debug|Any CPU
		{BAE52484-1BD6-4ECB-994A-D0C65202A2CD}.Debug|iPhone.ActiveCfg = Debug|Any CPU
		{BAE52484-1BD6-4ECB-994A-D0C65202A2CD}.Debug|iPhone.Build.0 = Debug|Any CPU
		{BAE52484-1BD6-4ECB-994A-D0C65202A2CD}.Debug|iPhoneSimulator.ActiveCfg = Debug|Any CPU
		{BAE52484-1BD6-4ECB-994A-D0C65202A2CD}.Debug|iPhoneSimulator.Build.0 = Debug|Any CPU
		{BAE52484-1BD6-4ECB-994A-D0C65202A2CD}.ProdRelease|Any CPU.ActiveCfg = ProdRelease|Any CPU
		{BAE52484-1BD6-4ECB-994A-D0C65202A2CD}.ProdRelease|Any CPU.Build.0 = ProdRelease|Any CPU
		{BAE52484-1BD6-4ECB-994A-D0C65202A2CD}.ProdRelease|iPhone.ActiveCfg = Release|Any CPU
		{BAE52484-1BD6-4ECB-994A-D0C65202A2CD}.ProdRelease|iPhone.Build.0 = Release|Any CPU
		{BAE52484-1BD6-4ECB-994A-D0C65202A2CD}.ProdRelease|iPhoneSimulator.ActiveCfg = Release|Any CPU
		{BAE52484-1BD6-4ECB-994A-D0C65202A2CD}.ProdRelease|iPhoneSimulator.Build.0 = Release|Any CPU
		{BAE52484-1BD6-4ECB-994A-D0C65202A2CD}.Release|Any CPU.ActiveCfg = Release|Any CPU
		{BAE52484-1BD6-4ECB-994A-D0C65202A2CD}.Release|Any CPU.Build.0 = Release|Any CPU
		{BAE52484-1BD6-4ECB-994A-D0C65202A2CD}.Release|iPhone.ActiveCfg = Release|Any CPU
		{BAE52484-1BD6-4ECB-994A-D0C65202A2CD}.Release|iPhone.Build.0 = Release|Any CPU
		{BAE52484-1BD6-4ECB-994A-D0C65202A2CD}.Release|iPhoneSimulator.ActiveCfg = Release|Any CPU
		{BAE52484-1BD6-4ECB-994A-D0C65202A2CD}.Release|iPhoneSimulator.Build.0 = Release|Any CPU
		{1084F020-289D-4036-8F4A-8236858764EF}.Debug|Any CPU.ActiveCfg = Debug|Any CPU
		{1084F020-289D-4036-8F4A-8236858764EF}.Debug|Any CPU.Build.0 = Debug|Any CPU
		{1084F020-289D-4036-8F4A-8236858764EF}.Debug|iPhone.ActiveCfg = Debug|Any CPU
		{1084F020-289D-4036-8F4A-8236858764EF}.Debug|iPhone.Build.0 = Debug|Any CPU
		{1084F020-289D-4036-8F4A-8236858764EF}.Debug|iPhoneSimulator.ActiveCfg = Debug|Any CPU
		{1084F020-289D-4036-8F4A-8236858764EF}.Debug|iPhoneSimulator.Build.0 = Debug|Any CPU
		{1084F020-289D-4036-8F4A-8236858764EF}.ProdRelease|Any CPU.ActiveCfg = ProdRelease|Any CPU
		{1084F020-289D-4036-8F4A-8236858764EF}.ProdRelease|Any CPU.Build.0 = ProdRelease|Any CPU
		{1084F020-289D-4036-8F4A-8236858764EF}.ProdRelease|iPhone.ActiveCfg = Release|Any CPU
		{1084F020-289D-4036-8F4A-8236858764EF}.ProdRelease|iPhone.Build.0 = Release|Any CPU
		{1084F020-289D-4036-8F4A-8236858764EF}.ProdRelease|iPhoneSimulator.ActiveCfg = Release|Any CPU
		{1084F020-289D-4036-8F4A-8236858764EF}.ProdRelease|iPhoneSimulator.Build.0 = Release|Any CPU
		{1084F020-289D-4036-8F4A-8236858764EF}.Release|Any CPU.ActiveCfg = Release|Any CPU
		{1084F020-289D-4036-8F4A-8236858764EF}.Release|Any CPU.Build.0 = Release|Any CPU
		{1084F020-289D-4036-8F4A-8236858764EF}.Release|iPhone.ActiveCfg = Release|Any CPU
		{1084F020-289D-4036-8F4A-8236858764EF}.Release|iPhone.Build.0 = Release|Any CPU
		{1084F020-289D-4036-8F4A-8236858764EF}.Release|iPhoneSimulator.ActiveCfg = Release|Any CPU
		{1084F020-289D-4036-8F4A-8236858764EF}.Release|iPhoneSimulator.Build.0 = Release|Any CPU
		{ACB30ACC-E56E-428F-9EB1-0E58776A87D7}.Debug|Any CPU.ActiveCfg = Debug|Any CPU
		{ACB30ACC-E56E-428F-9EB1-0E58776A87D7}.Debug|Any CPU.Build.0 = Debug|Any CPU
		{ACB30ACC-E56E-428F-9EB1-0E58776A87D7}.Debug|iPhone.ActiveCfg = Debug|Any CPU
		{ACB30ACC-E56E-428F-9EB1-0E58776A87D7}.Debug|iPhone.Build.0 = Debug|Any CPU
		{ACB30ACC-E56E-428F-9EB1-0E58776A87D7}.Debug|iPhoneSimulator.ActiveCfg = Debug|Any CPU
		{ACB30ACC-E56E-428F-9EB1-0E58776A87D7}.Debug|iPhoneSimulator.Build.0 = Debug|Any CPU
		{ACB30ACC-E56E-428F-9EB1-0E58776A87D7}.ProdRelease|Any CPU.ActiveCfg = ProdRelease|Any CPU
		{ACB30ACC-E56E-428F-9EB1-0E58776A87D7}.ProdRelease|Any CPU.Build.0 = ProdRelease|Any CPU
		{ACB30ACC-E56E-428F-9EB1-0E58776A87D7}.ProdRelease|iPhone.ActiveCfg = Release|Any CPU
		{ACB30ACC-E56E-428F-9EB1-0E58776A87D7}.ProdRelease|iPhone.Build.0 = Release|Any CPU
		{ACB30ACC-E56E-428F-9EB1-0E58776A87D7}.ProdRelease|iPhoneSimulator.ActiveCfg = Release|Any CPU
		{ACB30ACC-E56E-428F-9EB1-0E58776A87D7}.ProdRelease|iPhoneSimulator.Build.0 = Release|Any CPU
		{ACB30ACC-E56E-428F-9EB1-0E58776A87D7}.Release|Any CPU.ActiveCfg = Release|Any CPU
		{ACB30ACC-E56E-428F-9EB1-0E58776A87D7}.Release|Any CPU.Build.0 = Release|Any CPU
		{ACB30ACC-E56E-428F-9EB1-0E58776A87D7}.Release|iPhone.ActiveCfg = Release|Any CPU
		{ACB30ACC-E56E-428F-9EB1-0E58776A87D7}.Release|iPhone.Build.0 = Release|Any CPU
		{ACB30ACC-E56E-428F-9EB1-0E58776A87D7}.Release|iPhoneSimulator.ActiveCfg = Release|Any CPU
		{ACB30ACC-E56E-428F-9EB1-0E58776A87D7}.Release|iPhoneSimulator.Build.0 = Release|Any CPU
		{7346D82C-9ED8-4552-A042-4AFA2C9B8290}.Debug|Any CPU.ActiveCfg = Debug|Any CPU
		{7346D82C-9ED8-4552-A042-4AFA2C9B8290}.Debug|Any CPU.Build.0 = Debug|Any CPU
		{7346D82C-9ED8-4552-A042-4AFA2C9B8290}.Debug|iPhone.ActiveCfg = Debug|Any CPU
		{7346D82C-9ED8-4552-A042-4AFA2C9B8290}.Debug|iPhone.Build.0 = Debug|Any CPU
		{7346D82C-9ED8-4552-A042-4AFA2C9B8290}.Debug|iPhoneSimulator.ActiveCfg = Debug|Any CPU
		{7346D82C-9ED8-4552-A042-4AFA2C9B8290}.Debug|iPhoneSimulator.Build.0 = Debug|Any CPU
		{7346D82C-9ED8-4552-A042-4AFA2C9B8290}.ProdRelease|Any CPU.ActiveCfg = ProdRelease|Any CPU
		{7346D82C-9ED8-4552-A042-4AFA2C9B8290}.ProdRelease|Any CPU.Build.0 = ProdRelease|Any CPU
		{7346D82C-9ED8-4552-A042-4AFA2C9B8290}.ProdRelease|iPhone.ActiveCfg = Release|Any CPU
		{7346D82C-9ED8-4552-A042-4AFA2C9B8290}.ProdRelease|iPhone.Build.0 = Release|Any CPU
		{7346D82C-9ED8-4552-A042-4AFA2C9B8290}.ProdRelease|iPhoneSimulator.ActiveCfg = Release|Any CPU
		{7346D82C-9ED8-4552-A042-4AFA2C9B8290}.ProdRelease|iPhoneSimulator.Build.0 = Release|Any CPU
		{7346D82C-9ED8-4552-A042-4AFA2C9B8290}.Release|Any CPU.ActiveCfg = Release|Any CPU
		{7346D82C-9ED8-4552-A042-4AFA2C9B8290}.Release|Any CPU.Build.0 = Release|Any CPU
		{7346D82C-9ED8-4552-A042-4AFA2C9B8290}.Release|iPhone.ActiveCfg = Release|Any CPU
		{7346D82C-9ED8-4552-A042-4AFA2C9B8290}.Release|iPhone.Build.0 = Release|Any CPU
		{7346D82C-9ED8-4552-A042-4AFA2C9B8290}.Release|iPhoneSimulator.ActiveCfg = Release|Any CPU
		{7346D82C-9ED8-4552-A042-4AFA2C9B8290}.Release|iPhoneSimulator.Build.0 = Release|Any CPU
		{81173DA5-CF6F-4577-8921-672F364A2DE8}.Debug|Any CPU.ActiveCfg = Debug|Any CPU
		{81173DA5-CF6F-4577-8921-672F364A2DE8}.Debug|Any CPU.Build.0 = Debug|Any CPU
		{81173DA5-CF6F-4577-8921-672F364A2DE8}.Debug|iPhone.ActiveCfg = Debug|Any CPU
		{81173DA5-CF6F-4577-8921-672F364A2DE8}.Debug|iPhone.Build.0 = Debug|Any CPU
		{81173DA5-CF6F-4577-8921-672F364A2DE8}.Debug|iPhoneSimulator.ActiveCfg = Debug|Any CPU
		{81173DA5-CF6F-4577-8921-672F364A2DE8}.Debug|iPhoneSimulator.Build.0 = Debug|Any CPU
		{81173DA5-CF6F-4577-8921-672F364A2DE8}.ProdRelease|Any CPU.ActiveCfg = ProdRelease|Any CPU
		{81173DA5-CF6F-4577-8921-672F364A2DE8}.ProdRelease|Any CPU.Build.0 = ProdRelease|Any CPU
		{81173DA5-CF6F-4577-8921-672F364A2DE8}.ProdRelease|iPhone.ActiveCfg = Release|Any CPU
		{81173DA5-CF6F-4577-8921-672F364A2DE8}.ProdRelease|iPhone.Build.0 = Release|Any CPU
		{81173DA5-CF6F-4577-8921-672F364A2DE8}.ProdRelease|iPhoneSimulator.ActiveCfg = Release|Any CPU
		{81173DA5-CF6F-4577-8921-672F364A2DE8}.ProdRelease|iPhoneSimulator.Build.0 = Release|Any CPU
		{81173DA5-CF6F-4577-8921-672F364A2DE8}.Release|Any CPU.ActiveCfg = Release|Any CPU
		{81173DA5-CF6F-4577-8921-672F364A2DE8}.Release|Any CPU.Build.0 = Release|Any CPU
		{81173DA5-CF6F-4577-8921-672F364A2DE8}.Release|iPhone.ActiveCfg = Release|Any CPU
		{81173DA5-CF6F-4577-8921-672F364A2DE8}.Release|iPhone.Build.0 = Release|Any CPU
		{81173DA5-CF6F-4577-8921-672F364A2DE8}.Release|iPhoneSimulator.ActiveCfg = Release|Any CPU
		{81173DA5-CF6F-4577-8921-672F364A2DE8}.Release|iPhoneSimulator.Build.0 = Release|Any CPU
		{C073ED92-199B-4C77-9D92-856690CCF8F6}.Debug|Any CPU.ActiveCfg = Debug|Any CPU
		{C073ED92-199B-4C77-9D92-856690CCF8F6}.Debug|Any CPU.Build.0 = Debug|Any CPU
		{C073ED92-199B-4C77-9D92-856690CCF8F6}.Debug|iPhone.ActiveCfg = Debug|Any CPU
		{C073ED92-199B-4C77-9D92-856690CCF8F6}.Debug|iPhone.Build.0 = Debug|Any CPU
		{C073ED92-199B-4C77-9D92-856690CCF8F6}.Debug|iPhoneSimulator.ActiveCfg = Debug|Any CPU
		{C073ED92-199B-4C77-9D92-856690CCF8F6}.Debug|iPhoneSimulator.Build.0 = Debug|Any CPU
		{C073ED92-199B-4C77-9D92-856690CCF8F6}.ProdRelease|Any CPU.ActiveCfg = ProdRelease|Any CPU
		{C073ED92-199B-4C77-9D92-856690CCF8F6}.ProdRelease|Any CPU.Build.0 = ProdRelease|Any CPU
		{C073ED92-199B-4C77-9D92-856690CCF8F6}.ProdRelease|iPhone.ActiveCfg = Release|Any CPU
		{C073ED92-199B-4C77-9D92-856690CCF8F6}.ProdRelease|iPhone.Build.0 = Release|Any CPU
		{C073ED92-199B-4C77-9D92-856690CCF8F6}.ProdRelease|iPhoneSimulator.ActiveCfg = Release|Any CPU
		{C073ED92-199B-4C77-9D92-856690CCF8F6}.ProdRelease|iPhoneSimulator.Build.0 = Release|Any CPU
		{C073ED92-199B-4C77-9D92-856690CCF8F6}.Release|Any CPU.ActiveCfg = Release|Any CPU
		{C073ED92-199B-4C77-9D92-856690CCF8F6}.Release|Any CPU.Build.0 = Release|Any CPU
		{C073ED92-199B-4C77-9D92-856690CCF8F6}.Release|iPhone.ActiveCfg = Release|Any CPU
		{C073ED92-199B-4C77-9D92-856690CCF8F6}.Release|iPhone.Build.0 = Release|Any CPU
		{C073ED92-199B-4C77-9D92-856690CCF8F6}.Release|iPhoneSimulator.ActiveCfg = Release|Any CPU
		{C073ED92-199B-4C77-9D92-856690CCF8F6}.Release|iPhoneSimulator.Build.0 = Release|Any CPU
		{4BF7A87C-2B59-4A3D-8438-72A720203B46}.Debug|Any CPU.ActiveCfg = Debug|Any CPU
		{4BF7A87C-2B59-4A3D-8438-72A720203B46}.Debug|Any CPU.Build.0 = Debug|Any CPU
		{4BF7A87C-2B59-4A3D-8438-72A720203B46}.Debug|iPhone.ActiveCfg = Debug|Any CPU
		{4BF7A87C-2B59-4A3D-8438-72A720203B46}.Debug|iPhone.Build.0 = Debug|Any CPU
		{4BF7A87C-2B59-4A3D-8438-72A720203B46}.Debug|iPhoneSimulator.ActiveCfg = Debug|Any CPU
		{4BF7A87C-2B59-4A3D-8438-72A720203B46}.Debug|iPhoneSimulator.Build.0 = Debug|Any CPU
		{4BF7A87C-2B59-4A3D-8438-72A720203B46}.ProdRelease|Any CPU.ActiveCfg = ProdRelease|Any CPU
		{4BF7A87C-2B59-4A3D-8438-72A720203B46}.ProdRelease|Any CPU.Build.0 = ProdRelease|Any CPU
		{4BF7A87C-2B59-4A3D-8438-72A720203B46}.ProdRelease|iPhone.ActiveCfg = Release|Any CPU
		{4BF7A87C-2B59-4A3D-8438-72A720203B46}.ProdRelease|iPhone.Build.0 = Release|Any CPU
		{4BF7A87C-2B59-4A3D-8438-72A720203B46}.ProdRelease|iPhoneSimulator.ActiveCfg = Release|Any CPU
		{4BF7A87C-2B59-4A3D-8438-72A720203B46}.ProdRelease|iPhoneSimulator.Build.0 = Release|Any CPU
		{4BF7A87C-2B59-4A3D-8438-72A720203B46}.Release|Any CPU.ActiveCfg = Release|Any CPU
		{4BF7A87C-2B59-4A3D-8438-72A720203B46}.Release|Any CPU.Build.0 = Release|Any CPU
		{4BF7A87C-2B59-4A3D-8438-72A720203B46}.Release|iPhone.ActiveCfg = Release|Any CPU
		{4BF7A87C-2B59-4A3D-8438-72A720203B46}.Release|iPhone.Build.0 = Release|Any CPU
		{4BF7A87C-2B59-4A3D-8438-72A720203B46}.Release|iPhoneSimulator.ActiveCfg = Release|Any CPU
		{4BF7A87C-2B59-4A3D-8438-72A720203B46}.Release|iPhoneSimulator.Build.0 = Release|Any CPU
	EndGlobalSection
	GlobalSection(SolutionProperties) = preSolution
		HideSolutionNode = FALSE
	EndGlobalSection
	GlobalSection(NestedProjects) = preSolution
		{31E61210-DA7E-4E60-93AB-51B284AF4AE1} = {C4EFA12F-443D-4C38-B9BA-BB79E22A6A07}
		{BD7CC03A-E17D-4393-80DD-EE6E4EBCDDE7} = {C4EFA12F-443D-4C38-B9BA-BB79E22A6A07}
		{4800DA33-F986-4927-9DEF-06AC4CCF7D84} = {C48314CB-EAF7-48FA-B358-6CD0ACDF08E8}
		{09FC5977-9E97-4D10-8757-065D1CB8E655} = {1AC8CDB0-3592-4000-A02E-DA8E342B738A}
		{BAE52484-1BD6-4ECB-994A-D0C65202A2CD} = {BF804464-EA28-41D4-90EC-68E5F568D46A}
		{1084F020-289D-4036-8F4A-8236858764EF} = {1AC8CDB0-3592-4000-A02E-DA8E342B738A}
		{ACB30ACC-E56E-428F-9EB1-0E58776A87D7} = {1AC8CDB0-3592-4000-A02E-DA8E342B738A}
		{7346D82C-9ED8-4552-A042-4AFA2C9B8290} = {42F7D4E7-AF69-43BF-B90C-DF647C0452CE}
		{81173DA5-CF6F-4577-8921-672F364A2DE8} = {42F7D4E7-AF69-43BF-B90C-DF647C0452CE}
		{C073ED92-199B-4C77-9D92-856690CCF8F6} = {42F7D4E7-AF69-43BF-B90C-DF647C0452CE}
		{4BF7A87C-2B59-4A3D-8438-72A720203B46} = {42F7D4E7-AF69-43BF-B90C-DF647C0452CE}
	EndGlobalSection
	GlobalSection(ExtensibilityGlobals) = postSolution
		SolutionGuid = {729FCCE9-2875-43A6-8A70-93C5DAE921AC}
	EndGlobalSection
	GlobalSection(TeamFoundationVersionControl) = preSolution
		SccNumberOfProjects = 12
		SccEnterpriseProvider = {4CA58AB2-18FA-4F8D-95D4-32DDF27D184C}
		SccTeamFoundationServer = http://tfstl:8080/tfs/defaultcollection
		SccLocalPath0 = .
		SccProjectUniqueName1 = ..\\IARA.Mobile.Common\\IARA.Mobile.Application\\IARA.Mobile.Application.csproj
		SccProjectTopLevelParentUniqueName1 = IARA.Mobile.Pub.sln
		SccProjectName1 = ../IARA.Mobile.Common/IARA.Mobile.Application
		SccLocalPath1 = ..\\IARA.Mobile.Common\\IARA.Mobile.Application
		SccProjectUniqueName2 = ..\\IARA.Mobile.Common\\IARA.Mobile.Infrastructure\\IARA.Mobile.Infrastructure.csproj
		SccProjectTopLevelParentUniqueName2 = IARA.Mobile.Pub.sln
		SccProjectName2 = ../IARA.Mobile.Common/IARA.Mobile.Infrastructure
		SccLocalPath2 = ..\\IARA.Mobile.Common\\IARA.Mobile.Infrastructure
		SccProjectUniqueName3 = ..\\IARA.Mobile.Common\\IARA.Mobile.Domain\\IARA.Mobile.Domain.csproj
		SccProjectTopLevelParentUniqueName3 = IARA.Mobile.Pub.sln
		SccProjectName3 = ../IARA.Mobile.Common/IARA.Mobile.Domain
		SccLocalPath3 = ..\\IARA.Mobile.Common\\IARA.Mobile.Domain
		SccProjectUniqueName4 = IARA.Mobile.Pub.Android\\IARA.Mobile.Pub.Android.csproj
		SccProjectTopLevelParentUniqueName4 = IARA.Mobile.Pub.sln
		SccProjectName4 = IARA.Mobile.Pub.Android
		SccLocalPath4 = IARA.Mobile.Pub.Android
		SccProjectUniqueName5 = IARA.Mobile.Pub.iOS\\IARA.Mobile.Pub.iOS.csproj
		SccProjectTopLevelParentUniqueName5 = IARA.Mobile.Pub.sln
		SccProjectName5 = IARA.Mobile.Pub.iOS
		SccLocalPath5 = IARA.Mobile.Pub.iOS
		SccProjectUniqueName6 = IARA.Mobile.Pub\\IARA.Mobile.Pub.csproj
		SccProjectTopLevelParentUniqueName6 = IARA.Mobile.Pub.sln
		SccProjectName6 = IARA.Mobile.Pub
		SccLocalPath6 = IARA.Mobile.Pub
		SccProjectUniqueName7 = IARA.Mobile.Pub.Domain\\IARA.Mobile.Pub.Domain.csproj
		SccProjectTopLevelParentUniqueName7 = IARA.Mobile.Pub.sln
		SccProjectName7 = IARA.Mobile.Pub.Domain
		SccLocalPath7 = IARA.Mobile.Pub.Domain
		SccProjectUniqueName8 = IARA.Mobile.Pub.Tests\\IARA.Mobile.Pub.Tests.csproj
		SccProjectTopLevelParentUniqueName8 = IARA.Mobile.Pub.sln
		SccProjectName8 = IARA.Mobile.Pub.Tests
		SccLocalPath8 = IARA.Mobile.Pub.Tests
		SccProjectUniqueName9 = IARA.Mobile.Pub.Application\\IARA.Mobile.Pub.Application.csproj
		SccProjectTopLevelParentUniqueName9 = IARA.Mobile.Pub.sln
		SccProjectName9 = IARA.Mobile.Pub.Application
		SccLocalPath9 = IARA.Mobile.Pub.Application
		SccProjectUniqueName10 = IARA.Mobile.Pub.Infrastructure\\IARA.Mobile.Pub.Infrastructure.csproj
		SccProjectTopLevelParentUniqueName10 = IARA.Mobile.Pub.sln
		SccProjectName10 = IARA.Mobile.Pub.Infrastructure
		SccLocalPath10 = IARA.Mobile.Pub.Infrastructure
		SccProjectUniqueName11 = ..\\IARA.Mobile.Common\\IARA.Mobile.Shared\\IARA.Mobile.Shared.csproj
		SccProjectTopLevelParentUniqueName11 = IARA.Mobile.Pub.sln
		SccProjectName11 = ../IARA.Mobile.Common/IARA.Mobile.Shared
		SccLocalPath11 = ..\\IARA.Mobile.Common\\IARA.Mobile.Shared
	EndGlobalSection
EndGlobal
